{
  "version": 4,
  "terraform_version": "1.14.3",
  "serial": 94,
  "lineage": "d7c1fbc8-7194-7aa6-5c5a-b2536831941c",
  "outputs": {},
  "resources": [
    {
      "mode": "data",
      "type": "aws_caller_identity",
      "name": "current",
      "provider": "provider[\"registry.terraform.io/hashicorp/aws\"]",
      "instances": [
        {
          "schema_version": 0,
          "attributes": {
            "account_id": "067970016113",
            "arn": "arn:aws:iam::067970016113:user/OmarAdel",
            "id": "067970016113",
            "user_id": "AIDAQ7U2UENY7IPIP4MJ3"
          },
          "sensitive_attributes": [],
          "identity_schema_version": 0
        }
      ]
    },
    {
      "module": "module.cloudwatch",
      "mode": "managed",
      "type": "aws_cloudwatch_dashboard",
      "name": "fintech_ops",
      "provider": "provider[\"registry.terraform.io/hashicorp/aws\"]",
      "instances": [
        {
          "schema_version": 0,
          "attributes": {
            "dashboard_arn": "arn:aws:cloudwatch::067970016113:dashboard/FinTech-Operations",
            "dashboard_body": "{\"widgets\":[{\"height\":6,\"properties\":{\"annotations\":{\"horizontal\":[]},\"metrics\":[[\"FinTech\",\"TransactionsProcessed\",{\"period\":60,\"stat\":\"Sum\"}],[\".\",\"TransactionsFailed\",{\"period\":60,\"stat\":\"Sum\"}]],\"region\":\"us-east-1\",\"title\":\"Transaction Processing Rate\"},\"type\":\"metric\",\"width\":8,\"x\":0,\"y\":0},{\"height\":6,\"properties\":{\"annotations\":{\"horizontal\":[]},\"metrics\":[[\"AWS/ApplicationELB\",\"TargetResponseTime\",\"LoadBalancer\",\"app/fintech-alb\",{\"stat\":\"p99\"}]],\"region\":\"us-east-1\",\"title\":\"API Latency (p99)\"},\"type\":\"metric\",\"width\":8,\"x\":8,\"y\":0},{\"height\":6,\"properties\":{\"annotations\":{\"horizontal\":[]},\"metrics\":[[\"AWS/RDS\",\"CPUUtilization\",\"DBClusterIdentifier\",\"fintech-cluster\"],[\".\",\"DatabaseConnections\",\".\",\".\"],[\".\",\"AuroraReplicaLag\",\".\",\".\"]],\"region\":\"us-east-1\",\"title\":\"Database Performance\"},\"type\":\"metric\",\"width\":8,\"x\":16,\"y\":0},{\"height\":4,\"properties\":{\"alarms\":[\"arn:aws:cloudwatch:us-east-1:067970016113:alarm:high-error-rate\",\"arn:aws:cloudwatch:us-east-1:067970016113:alarm:high-latency\",\"arn:aws:cloudwatch:us-east-1:067970016113:alarm:db-connections\",\"arn:aws:cloudwatch:us-east-1:067970016113:alarm:fraud-detection\"],\"title\":\"Active Alarms\"},\"type\":\"alarm\",\"width\":24,\"x\":0,\"y\":6}]}",
            "dashboard_name": "FinTech-Operations",
            "id": "FinTech-Operations",
            "region": "us-east-1"
          },
          "sensitive_attributes": [],
          "identity_schema_version": 0,
          "private": "bnVsbA==",
          "dependencies": [
            "data.aws_caller_identity.current"
          ]
        }
      ]
    },
    {
      "module": "module.dynamodb",
      "mode": "managed",
      "type": "aws_dynamodb_table",
      "name": "sessions",
      "provider": "provider[\"registry.terraform.io/hashicorp/aws\"]",
      "instances": [
        {
          "schema_version": 1,
          "attributes": {
            "arn": "arn:aws:dynamodb:us-east-1:067970016113:table/fintech-sessions",
            "attribute": [
              {
                "name": "sessionId",
                "type": "S"
              },
              {
                "name": "userId",
                "type": "S"
              }
            ],
            "billing_mode": "PROVISIONED",
            "deletion_protection_enabled": false,
            "global_secondary_index": [],
            "global_table_witness": [],
            "hash_key": "userId",
            "id": "fintech-sessions",
            "import_table": [],
            "local_secondary_index": [],
            "name": "fintech-sessions",
            "on_demand_throughput": [],
            "point_in_time_recovery": [
              {
                "enabled": false,
                "recovery_period_in_days": 0
              }
            ],
            "range_key": "sessionId",
            "read_capacity": 5,
            "region": "us-east-1",
            "replica": [],
            "restore_date_time": null,
            "restore_source_name": null,
            "restore_source_table_arn": null,
            "restore_to_latest_time": null,
            "server_side_encryption": [
              {
                "enabled": true,
                "kms_key_arn": "arn:aws:kms:us-east-1:067970016113:key/2a555cf7-48da-40d3-a60f-47751d9d5153"
              }
            ],
            "stream_arn": "arn:aws:dynamodb:us-east-1:067970016113:table/fintech-sessions/stream/2026-01-19T18:22:47.382",
            "stream_enabled": true,
            "stream_label": "2026-01-19T18:22:47.382",
            "stream_view_type": "NEW_AND_OLD_IMAGES",
            "table_class": "STANDARD",
            "tags": {
              "Environment": "Production",
              "Project": "FinTech"
            },
            "tags_all": {
              "Environment": "Production",
              "Project": "FinTech"
            },
            "timeouts": null,
            "ttl": [
              {
                "attribute_name": "",
                "enabled": false
              }
            ],
            "warm_throughput": [],
            "write_capacity": 5
          },
          "sensitive_attributes": [],
          "identity_schema_version": 0,
          "private": "eyJlMmJmYjczMC1lY2FhLTExZTYtOGY4OC0zNDM2M2JjN2M0YzAiOnsiY3JlYXRlIjoxODAwMDAwMDAwMDAwLCJkZWxldGUiOjYwMDAwMDAwMDAwMCwidXBkYXRlIjozNjAwMDAwMDAwMDAwfSwic2NoZW1hX3ZlcnNpb24iOiIxIn0=",
          "dependencies": [
            "module.rds.aws_kms_key.rds_key"
          ]
        }
      ]
    },
    {
      "module": "module.ecs",
      "mode": "managed",
      "type": "aws_ecs_cluster",
      "name": "fintech",
      "provider": "provider[\"registry.terraform.io/hashicorp/aws\"]",
      "instances": [
        {
          "schema_version": 0,
          "attributes": {
            "arn": "arn:aws:ecs:us-east-1:067970016113:cluster/fintech-cluster",
            "configuration": [],
            "id": "arn:aws:ecs:us-east-1:067970016113:cluster/fintech-cluster",
            "name": "fintech-cluster",
            "region": "us-east-1",
            "service_connect_defaults": [],
            "setting": [
              {
                "name": "containerInsights",
                "value": "disabled"
              }
            ],
            "tags": {
              "Environment": "Production",
              "Project": "FinTech"
            },
            "tags_all": {
              "Environment": "Production",
              "Project": "FinTech"
            }
          },
          "sensitive_attributes": [],
          "identity_schema_version": 0,
          "private": "bnVsbA=="
        }
      ]
    },
    {
      "module": "module.ecs",
      "mode": "managed",
      "type": "aws_iam_role",
      "name": "ecs_execution",
      "provider": "provider[\"registry.terraform.io/hashicorp/aws\"]",
      "instances": [
        {
          "schema_version": 0,
          "attributes": {
            "arn": "arn:aws:iam::067970016113:role/ecsTaskExecutionRole",
            "assume_role_policy": "{\"Statement\":[{\"Action\":\"sts:AssumeRole\",\"Effect\":\"Allow\",\"Principal\":{\"Service\":\"ecs-tasks.amazonaws.com\"}}],\"Version\":\"2012-10-17\"}",
            "create_date": "2026-01-19T15:23:24Z",
            "description": "",
            "force_detach_policies": false,
            "id": "ecsTaskExecutionRole",
            "inline_policy": [],
            "managed_policy_arns": [
              "arn:aws:iam::aws:policy/service-role/AmazonECSTaskExecutionRolePolicy"
            ],
            "max_session_duration": 3600,
            "name": "ecsTaskExecutionRole",
            "name_prefix": "",
            "path": "/",
            "permissions_boundary": "",
            "tags": {},
            "tags_all": {},
            "unique_id": "AROAQ7U2UENYZP7OPSGVM"
          },
          "sensitive_attributes": [],
          "identity_schema_version": 0,
          "identity": {
            "account_id": "067970016113",
            "name": "ecsTaskExecutionRole"
          },
          "private": "eyJzY2hlbWFfdmVyc2lvbiI6IjAifQ=="
        }
      ]
    },
    {
      "module": "module.ecs",
      "mode": "managed",
      "type": "aws_iam_role_policy_attachment",
      "name": "ecs_exec_attach",
      "provider": "provider[\"registry.terraform.io/hashicorp/aws\"]",
      "instances": [
        {
          "schema_version": 0,
          "attributes": {
            "id": "ecsTaskExecutionRole/arn:aws:iam::aws:policy/service-role/AmazonECSTaskExecutionRolePolicy",
            "policy_arn": "arn:aws:iam::aws:policy/service-role/AmazonECSTaskExecutionRolePolicy",
            "role": "ecsTaskExecutionRole"
          },
          "sensitive_attributes": [],
          "identity_schema_version": 0,
          "identity": {
            "account_id": "067970016113",
            "policy_arn": "arn:aws:iam::aws:policy/service-role/AmazonECSTaskExecutionRolePolicy",
            "role": "ecsTaskExecutionRole"
          },
          "private": "bnVsbA==",
          "dependencies": [
            "module.ecs.aws_iam_role.ecs_execution"
          ]
        }
      ]
    },
    {
      "module": "module.ecs",
      "mode": "managed",
      "type": "aws_security_group",
      "name": "ecs_sg",
      "provider": "provider[\"registry.terraform.io/hashicorp/aws\"]",
      "instances": [
        {
          "schema_version": 1,
          "attributes": {
            "arn": "arn:aws:ec2:us-east-1:067970016113:security-group/sg-0a45e38854eb4c856",
            "description": "Security group for ECS tasks",
            "egress": [],
            "id": "sg-0a45e38854eb4c856",
            "ingress": [],
            "name": "fintech-ecs-sg",
            "name_prefix": "",
            "owner_id": "067970016113",
            "region": "us-east-1",
            "revoke_rules_on_delete": false,
            "tags": {},
            "tags_all": {},
            "timeouts": null,
            "vpc_id": "vpc-0d7dca2f7f3c9bee0"
          },
          "sensitive_attributes": [],
          "identity_schema_version": 0,
          "identity": {
            "account_id": "067970016113",
            "id": "sg-0a45e38854eb4c856",
            "region": "us-east-1"
          },
          "private": "eyJlMmJmYjczMC1lY2FhLTExZTYtOGY4OC0zNDM2M2JjN2M0YzAiOnsiY3JlYXRlIjo2MDAwMDAwMDAwMDAsImRlbGV0ZSI6OTAwMDAwMDAwMDAwfSwic2NoZW1hX3ZlcnNpb24iOiIxIn0=",
          "dependencies": [
            "module.vpc.aws_vpc.prod"
          ]
        }
      ]
    },
    {
      "module": "module.elasticache",
      "mode": "managed",
      "type": "aws_elasticache_replication_group",
      "name": "redis",
      "provider": "provider[\"registry.terraform.io/hashicorp/aws\"]",
      "instances": [
        {
          "schema_version": 3,
          "attributes": {
            "apply_immediately": null,
            "arn": "arn:aws:elasticache:us-east-1:067970016113:replicationgroup:fintech-redis-cluster",
            "at_rest_encryption_enabled": "true",
            "auth_token": "lL0lBhaIMcDMpFpBs60XeTIRUfrnd6LB",
            "auth_token_update_strategy": null,
            "auto_minor_version_upgrade": "true",
            "automatic_failover_enabled": true,
            "cluster_enabled": false,
            "cluster_mode": "disabled",
            "configuration_endpoint_address": null,
            "data_tiering_enabled": false,
            "description": "FinTech Redis cluster for caching",
            "engine": "redis",
            "engine_version": "7.0",
            "engine_version_actual": "7.0.7",
            "final_snapshot_identifier": null,
            "global_replication_group_id": null,
            "id": "fintech-redis-cluster",
            "ip_discovery": "ipv4",
            "kms_key_id": "",
            "log_delivery_configuration": [],
            "maintenance_window": "sun:05:00-sun:06:00",
            "member_clusters": [
              "fintech-redis-cluster-001",
              "fintech-redis-cluster-002"
            ],
            "multi_az_enabled": true,
            "network_type": "ipv4",
            "node_group_configuration": [
              {
                "node_group_id": "0001",
                "primary_availability_zone": "us-east-1b",
                "primary_outpost_arn": "",
                "replica_availability_zones": [
                  "us-east-1a"
                ],
                "replica_count": 1,
                "replica_outpost_arns": [],
                "slots": ""
              }
            ],
            "node_type": "cache.r6g.large",
            "notification_topic_arn": null,
            "num_cache_clusters": 2,
            "num_node_groups": 1,
            "parameter_group_name": "default.redis7",
            "port": 6379,
            "preferred_cache_cluster_azs": null,
            "primary_endpoint_address": "master.fintech-redis-cluster.xzq8lr.use1.cache.amazonaws.com",
            "reader_endpoint_address": "replica.fintech-redis-cluster.xzq8lr.use1.cache.amazonaws.com",
            "region": "us-east-1",
            "replicas_per_node_group": 1,
            "replication_group_id": "fintech-redis-cluster",
            "security_group_ids": [
              "sg-005a501b5c3876f6b"
            ],
            "security_group_names": [],
            "snapshot_arns": null,
            "snapshot_name": null,
            "snapshot_retention_limit": 7,
            "snapshot_window": "07:30-08:30",
            "subnet_group_name": "fintech-redis-subnets",
            "tags": {
              "Environment": "Production",
              "Project": "FinTech"
            },
            "tags_all": {
              "Environment": "Production",
              "Project": "FinTech"
            },
            "timeouts": null,
            "transit_encryption_enabled": true,
            "transit_encryption_mode": "required",
            "user_group_ids": []
          },
          "sensitive_attributes": [
            [
              {
                "type": "get_attr",
                "value": "auth_token"
              }
            ]
          ],
          "identity_schema_version": 0,
          "private": "eyJlMmJmYjczMC1lY2FhLTExZTYtOGY4OC0zNDM2M2JjN2M0YzAiOnsiY3JlYXRlIjozNjAwMDAwMDAwMDAwLCJkZWxldGUiOjI3MDAwMDAwMDAwMDAsInVwZGF0ZSI6MjQwMDAwMDAwMDAwMH0sInNjaGVtYV92ZXJzaW9uIjoiMyJ9",
          "dependencies": [
            "module.elasticache.aws_elasticache_subnet_group.redis_subnets",
            "module.elasticache.aws_security_group.redis_sg",
            "module.elasticache.random_password.redis_auth",
            "module.vpc.aws_subnet.db_a",
            "module.vpc.aws_subnet.db_b",
            "module.vpc.aws_vpc.prod",
            "module.vpc.data.aws_availability_zones.available"
          ]
        }
      ]
    },
    {
      "module": "module.elasticache",
      "mode": "managed",
      "type": "aws_elasticache_subnet_group",
      "name": "redis_subnets",
      "provider": "provider[\"registry.terraform.io/hashicorp/aws\"]",
      "instances": [
        {
          "schema_version": 0,
          "attributes": {
            "arn": "arn:aws:elasticache:us-east-1:067970016113:subnetgroup:fintech-redis-subnets",
            "description": "Managed by Terraform",
            "id": "fintech-redis-subnets",
            "name": "fintech-redis-subnets",
            "region": "us-east-1",
            "subnet_ids": [
              "subnet-02803546afd3d81d5",
              "subnet-07e98f006d5abcbc1"
            ],
            "tags": {
              "Environment": "Production",
              "Project": "FinTech"
            },
            "tags_all": {
              "Environment": "Production",
              "Project": "FinTech"
            },
            "vpc_id": "vpc-079ecad9ff20c2857"
          },
          "sensitive_attributes": [],
          "identity_schema_version": 0,
          "private": "bnVsbA==",
          "dependencies": [
            "module.vpc.aws_subnet.db_a",
            "module.vpc.aws_subnet.db_b",
            "module.vpc.aws_vpc.prod",
            "module.vpc.data.aws_availability_zones.available"
          ]
        }
      ]
    },
    {
      "module": "module.elasticache",
      "mode": "managed",
      "type": "aws_security_group",
      "name": "redis_sg",
      "provider": "provider[\"registry.terraform.io/hashicorp/aws\"]",
      "instances": [
        {
          "schema_version": 1,
          "attributes": {
            "arn": "arn:aws:ec2:us-east-1:067970016113:security-group/sg-005a501b5c3876f6b",
            "description": "Security group for ElastiCache Redis",
            "egress": [],
            "id": "sg-005a501b5c3876f6b",
            "ingress": [
              {
                "cidr_blocks": [],
                "description": "",
                "from_port": 6379,
                "ipv6_cidr_blocks": [],
                "prefix_list_ids": [],
                "protocol": "tcp",
                "security_groups": [
                  "sg-0a45e38854eb4c856"
                ],
                "self": false,
                "to_port": 6379
              }
            ],
            "name": "fintech-redis-sg",
            "name_prefix": "",
            "owner_id": "067970016113",
            "region": "us-east-1",
            "revoke_rules_on_delete": false,
            "tags": {},
            "tags_all": {},
            "timeouts": null,
            "vpc_id": "vpc-0d7dca2f7f3c9bee0"
          },
          "sensitive_attributes": [],
          "identity_schema_version": 0,
          "identity": {
            "account_id": "067970016113",
            "id": "sg-005a501b5c3876f6b",
            "region": "us-east-1"
          },
          "private": "eyJlMmJmYjczMC1lY2FhLTExZTYtOGY4OC0zNDM2M2JjN2M0YzAiOnsiY3JlYXRlIjo2MDAwMDAwMDAwMDAsImRlbGV0ZSI6OTAwMDAwMDAwMDAwfSwic2NoZW1hX3ZlcnNpb24iOiIxIn0=",
          "dependencies": [
            "module.vpc.aws_vpc.prod"
          ]
        }
      ]
    },
    {
      "module": "module.elasticache",
      "mode": "managed",
      "type": "aws_security_group_rule",
      "name": "allow_ecs_to_redis",
      "provider": "provider[\"registry.terraform.io/hashicorp/aws\"]",
      "instances": [
        {
          "schema_version": 2,
          "attributes": {
            "cidr_blocks": null,
            "description": null,
            "from_port": 6379,
            "id": "sgrule-582845468",
            "ipv6_cidr_blocks": null,
            "prefix_list_ids": null,
            "protocol": "tcp",
            "region": "us-east-1",
            "security_group_id": "sg-005a501b5c3876f6b",
            "security_group_rule_id": "sgr-08dbc376823796c16",
            "self": false,
            "source_security_group_id": "sg-0a45e38854eb4c856",
            "timeouts": null,
            "to_port": 6379,
            "type": "ingress"
          },
          "sensitive_attributes": [],
          "identity_schema_version": 0,
          "private": "eyJlMmJmYjczMC1lY2FhLTExZTYtOGY4OC0zNDM2M2JjN2M0YzAiOnsiY3JlYXRlIjozMDAwMDAwMDAwMDB9LCJzY2hlbWFfdmVyc2lvbiI6IjIifQ==",
          "dependencies": [
            "module.ecs.aws_security_group.ecs_sg",
            "module.elasticache.aws_security_group.redis_sg",
            "module.vpc.aws_vpc.prod"
          ]
        }
      ]
    },
    {
      "module": "module.elasticache",
      "mode": "managed",
      "type": "random_password",
      "name": "redis_auth",
      "provider": "provider[\"registry.terraform.io/hashicorp/random\"]",
      "instances": [
        {
          "schema_version": 3,
          "attributes": {
            "bcrypt_hash": "$2a$10$v0g50ztnNpTqnz20h3hXH.kf4k7eFaEMoFpiDJ8D3MjBJI7FwjTCq",
            "id": "none",
            "keepers": null,
            "length": 32,
            "lower": true,
            "min_lower": 0,
            "min_numeric": 0,
            "min_special": 0,
            "min_upper": 0,
            "number": true,
            "numeric": true,
            "override_special": null,
            "result": "lL0lBhaIMcDMpFpBs60XeTIRUfrnd6LB",
            "special": false,
            "upper": true
          },
          "sensitive_attributes": [
            [
              {
                "type": "get_attr",
                "value": "bcrypt_hash"
              }
            ],
            [
              {
                "type": "get_attr",
                "value": "result"
              }
            ]
          ],
          "identity_schema_version": 0
        }
      ]
    },
    {
      "module": "module.organizations",
      "mode": "data",
      "type": "aws_organizations_organization",
      "name": "org",
      "provider": "provider[\"registry.terraform.io/hashicorp/aws\"]",
      "instances": [
        {
          "schema_version": 0,
          "attributes": {
            "accounts": [
              {
                "arn": "arn:aws:organizations::067970016113:account/o-8r29grlns8/884375106076",
                "email": "shared-services@company.com",
                "id": "884375106076",
                "joined_method": "CREATED",
                "joined_timestamp": "2026-01-19T12:03:19Z",
                "name": "Shared-Services",
                "state": "ACTIVE",
                "status": "ACTIVE"
              },
              {
                "arn": "arn:aws:organizations::067970016113:account/o-8r29grlns8/497676936162",
                "email": "prod-us@company.com",
                "id": "497676936162",
                "joined_method": "CREATED",
                "joined_timestamp": "2026-01-19T12:03:23Z",
                "name": "Prod-US",
                "state": "ACTIVE",
                "status": "ACTIVE"
              },
              {
                "arn": "arn:aws:organizations::067970016113:account/o-8r29grlns8/791554407408",
                "email": "security-logging@company.com",
                "id": "791554407408",
                "joined_method": "CREATED",
                "joined_timestamp": "2026-01-19T12:03:17Z",
                "name": "Security-Logging",
                "state": "ACTIVE",
                "status": "ACTIVE"
              },
              {
                "arn": "arn:aws:organizations::067970016113:account/o-8r29grlns8/338928296778",
                "email": "security-audit@company.com",
                "id": "338928296778",
                "joined_method": "CREATED",
                "joined_timestamp": "2026-01-19T12:03:15Z",
                "name": "Security-Audit",
                "state": "ACTIVE",
                "status": "ACTIVE"
              },
              {
                "arn": "arn:aws:organizations::067970016113:account/o-8r29grlns8/067970016113",
                "email": "omaradelmahmoud01@gmail.com",
                "id": "067970016113",
                "joined_method": "INVITED",
                "joined_timestamp": "2026-01-19T12:02:54Z",
                "name": "OmarAdel2001",
                "state": "ACTIVE",
                "status": "ACTIVE"
              }
            ],
            "arn": "arn:aws:organizations::067970016113:organization/o-8r29grlns8",
            "aws_service_access_principals": [],
            "enabled_policy_types": [
              "SERVICE_CONTROL_POLICY",
              "TAG_POLICY"
            ],
            "feature_set": "ALL",
            "id": "o-8r29grlns8",
            "master_account_arn": "arn:aws:organizations::067970016113:account/o-8r29grlns8/067970016113",
            "master_account_email": "omaradelmahmoud01@gmail.com",
            "master_account_id": "067970016113",
            "master_account_name": "OmarAdel2001",
            "non_master_accounts": [
              {
                "arn": "arn:aws:organizations::067970016113:account/o-8r29grlns8/884375106076",
                "email": "shared-services@company.com",
                "id": "884375106076",
                "joined_method": "CREATED",
                "joined_timestamp": "2026-01-19T12:03:19Z",
                "name": "Shared-Services",
                "state": "ACTIVE",
                "status": "ACTIVE"
              },
              {
                "arn": "arn:aws:organizations::067970016113:account/o-8r29grlns8/497676936162",
                "email": "prod-us@company.com",
                "id": "497676936162",
                "joined_method": "CREATED",
                "joined_timestamp": "2026-01-19T12:03:23Z",
                "name": "Prod-US",
                "state": "ACTIVE",
                "status": "ACTIVE"
              },
              {
                "arn": "arn:aws:organizations::067970016113:account/o-8r29grlns8/791554407408",
                "email": "security-logging@company.com",
                "id": "791554407408",
                "joined_method": "CREATED",
                "joined_timestamp": "2026-01-19T12:03:17Z",
                "name": "Security-Logging",
                "state": "ACTIVE",
                "status": "ACTIVE"
              },
              {
                "arn": "arn:aws:organizations::067970016113:account/o-8r29grlns8/338928296778",
                "email": "security-audit@company.com",
                "id": "338928296778",
                "joined_method": "CREATED",
                "joined_timestamp": "2026-01-19T12:03:15Z",
                "name": "Security-Audit",
                "state": "ACTIVE",
                "status": "ACTIVE"
              }
            ],
            "roots": [
              {
                "arn": "arn:aws:organizations::067970016113:root/o-8r29grlns8/r-3ny3",
                "id": "r-3ny3",
                "name": "Root",
                "policy_types": [
                  {
                    "status": "ENABLED",
                    "type": "SERVICE_CONTROL_POLICY"
                  },
                  {
                    "status": "ENABLED",
                    "type": "TAG_POLICY"
                  }
                ]
              }
            ]
          },
          "sensitive_attributes": [],
          "identity_schema_version": 0
        }
      ]
    },
    {
      "module": "module.organizations",
      "mode": "managed",
      "type": "aws_organizations_organizational_unit",
      "name": "development",
      "provider": "provider[\"registry.terraform.io/hashicorp/aws\"]",
      "instances": [
        {
          "schema_version": 0,
          "attributes": {
            "accounts": [],
            "arn": "arn:aws:organizations::067970016113:ou/o-8r29grlns8/ou-3ny3-z99aamhi",
            "id": "ou-3ny3-z99aamhi",
            "name": "Development",
            "parent_id": "ou-3ny3-igui3pij",
            "tags": {},
            "tags_all": {}
          },
          "sensitive_attributes": [],
          "identity_schema_version": 0,
          "identity": {
            "account_id": "067970016113",
            "id": "ou-3ny3-z99aamhi"
          },
          "private": "eyJzY2hlbWFfdmVyc2lvbiI6IjAifQ==",
          "dependencies": [
            "module.organizations.aws_organizations_organizational_unit.workloads",
            "module.organizations.data.aws_organizations_organization.org"
          ]
        }
      ]
    },
    {
      "module": "module.organizations",
      "mode": "managed",
      "type": "aws_organizations_organizational_unit",
      "name": "infrastructure",
      "provider": "provider[\"registry.terraform.io/hashicorp/aws\"]",
      "instances": [
        {
          "schema_version": 0,
          "attributes": {
            "accounts": [],
            "arn": "arn:aws:organizations::067970016113:ou/o-8r29grlns8/ou-3ny3-3214axs2",
            "id": "ou-3ny3-3214axs2",
            "name": "Infrastructure",
            "parent_id": "r-3ny3",
            "tags": {},
            "tags_all": {}
          },
          "sensitive_attributes": [],
          "identity_schema_version": 0,
          "identity": {
            "account_id": "067970016113",
            "id": "ou-3ny3-3214axs2"
          },
          "private": "eyJzY2hlbWFfdmVyc2lvbiI6IjAifQ==",
          "dependencies": [
            "module.organizations.data.aws_organizations_organization.org"
          ]
        }
      ]
    },
    {
      "module": "module.organizations",
      "mode": "managed",
      "type": "aws_organizations_organizational_unit",
      "name": "production",
      "provider": "provider[\"registry.terraform.io/hashicorp/aws\"]",
      "instances": [
        {
          "schema_version": 0,
          "attributes": {
            "accounts": [],
            "arn": "arn:aws:organizations::067970016113:ou/o-8r29grlns8/ou-3ny3-2g42akn4",
            "id": "ou-3ny3-2g42akn4",
            "name": "Production",
            "parent_id": "ou-3ny3-igui3pij",
            "tags": {},
            "tags_all": {}
          },
          "sensitive_attributes": [],
          "identity_schema_version": 0,
          "identity": {
            "account_id": "067970016113",
            "id": "ou-3ny3-2g42akn4"
          },
          "private": "eyJzY2hlbWFfdmVyc2lvbiI6IjAifQ==",
          "dependencies": [
            "module.organizations.aws_organizations_organizational_unit.workloads",
            "module.organizations.data.aws_organizations_organization.org"
          ]
        }
      ]
    },
    {
      "module": "module.organizations",
      "mode": "managed",
      "type": "aws_organizations_organizational_unit",
      "name": "sandbox",
      "provider": "provider[\"registry.terraform.io/hashicorp/aws\"]",
      "instances": [
        {
          "schema_version": 0,
          "attributes": {
            "accounts": [],
            "arn": "arn:aws:organizations::067970016113:ou/o-8r29grlns8/ou-3ny3-bqnilnzj",
            "id": "ou-3ny3-bqnilnzj",
            "name": "Sandbox",
            "parent_id": "r-3ny3",
            "tags": {},
            "tags_all": {}
          },
          "sensitive_attributes": [],
          "identity_schema_version": 0,
          "identity": {
            "account_id": "067970016113",
            "id": "ou-3ny3-bqnilnzj"
          },
          "private": "eyJzY2hlbWFfdmVyc2lvbiI6IjAifQ==",
          "dependencies": [
            "module.organizations.data.aws_organizations_organization.org"
          ]
        }
      ]
    },
    {
      "module": "module.organizations",
      "mode": "managed",
      "type": "aws_organizations_organizational_unit",
      "name": "security",
      "provider": "provider[\"registry.terraform.io/hashicorp/aws\"]",
      "instances": [
        {
          "schema_version": 0,
          "attributes": {
            "accounts": [],
            "arn": "arn:aws:organizations::067970016113:ou/o-8r29grlns8/ou-3ny3-kdu019a0",
            "id": "ou-3ny3-kdu019a0",
            "name": "Security",
            "parent_id": "r-3ny3",
            "tags": {},
            "tags_all": {}
          },
          "sensitive_attributes": [],
          "identity_schema_version": 0,
          "identity": {
            "account_id": "067970016113",
            "id": "ou-3ny3-kdu019a0"
          },
          "private": "eyJzY2hlbWFfdmVyc2lvbiI6IjAifQ==",
          "dependencies": [
            "module.organizations.data.aws_organizations_organization.org"
          ]
        }
      ]
    },
    {
      "module": "module.organizations",
      "mode": "managed",
      "type": "aws_organizations_organizational_unit",
      "name": "staging",
      "provider": "provider[\"registry.terraform.io/hashicorp/aws\"]",
      "instances": [
        {
          "schema_version": 0,
          "attributes": {
            "accounts": [],
            "arn": "arn:aws:organizations::067970016113:ou/o-8r29grlns8/ou-3ny3-5jyvm3s7",
            "id": "ou-3ny3-5jyvm3s7",
            "name": "Staging",
            "parent_id": "ou-3ny3-igui3pij",
            "tags": {},
            "tags_all": {}
          },
          "sensitive_attributes": [],
          "identity_schema_version": 0,
          "identity": {
            "account_id": "067970016113",
            "id": "ou-3ny3-5jyvm3s7"
          },
          "private": "eyJzY2hlbWFfdmVyc2lvbiI6IjAifQ==",
          "dependencies": [
            "module.organizations.aws_organizations_organizational_unit.workloads",
            "module.organizations.data.aws_organizations_organization.org"
          ]
        }
      ]
    },
    {
      "module": "module.organizations",
      "mode": "managed",
      "type": "aws_organizations_organizational_unit",
      "name": "workloads",
      "provider": "provider[\"registry.terraform.io/hashicorp/aws\"]",
      "instances": [
        {
          "schema_version": 0,
          "attributes": {
            "accounts": [],
            "arn": "arn:aws:organizations::067970016113:ou/o-8r29grlns8/ou-3ny3-igui3pij",
            "id": "ou-3ny3-igui3pij",
            "name": "Workloads",
            "parent_id": "r-3ny3",
            "tags": {},
            "tags_all": {}
          },
          "sensitive_attributes": [],
          "identity_schema_version": 0,
          "identity": {
            "account_id": "067970016113",
            "id": "ou-3ny3-igui3pij"
          },
          "private": "eyJzY2hlbWFfdmVyc2lvbiI6IjAifQ==",
          "dependencies": [
            "module.organizations.data.aws_organizations_organization.org"
          ]
        }
      ]
    },
    {
      "module": "module.organizations",
      "mode": "managed",
      "type": "aws_organizations_policy",
      "name": "deny_root",
      "provider": "provider[\"registry.terraform.io/hashicorp/aws\"]",
      "instances": [
        {
          "schema_version": 0,
          "attributes": {
            "arn": "arn:aws:organizations::067970016113:policy/o-8r29grlns8/service_control_policy/p-pwqsja4e",
            "content": "{\"Statement\":[{\"Action\":\"*\",\"Condition\":{\"StringLike\":{\"aws:PrincipalArn\":\"arn:aws:iam::*:root\"}},\"Effect\":\"Deny\",\"Resource\":\"*\",\"Sid\":\"DenyRootUser\"}],\"Version\":\"2012-10-17\"}",
            "description": "",
            "id": "p-pwqsja4e",
            "name": "DenyRootUserAccess",
            "skip_destroy": null,
            "tags": {},
            "tags_all": {},
            "type": "SERVICE_CONTROL_POLICY"
          },
          "sensitive_attributes": [],
          "identity_schema_version": 0,
          "identity": {
            "account_id": "067970016113",
            "id": "p-pwqsja4e"
          },
          "private": "eyJzY2hlbWFfdmVyc2lvbiI6IjAifQ=="
        }
      ]
    },
    {
      "module": "module.organizations",
      "mode": "managed",
      "type": "aws_organizations_policy_attachment",
      "name": "attach_root",
      "provider": "provider[\"registry.terraform.io/hashicorp/aws\"]",
      "instances": [
        {
          "schema_version": 0,
          "attributes": {
            "id": "r-3ny3:p-pwqsja4e",
            "policy_id": "p-pwqsja4e",
            "skip_destroy": null,
            "target_id": "r-3ny3"
          },
          "sensitive_attributes": [],
          "identity_schema_version": 0,
          "identity": {
            "account_id": "067970016113",
            "policy_id": "p-pwqsja4e",
            "target_id": "r-3ny3"
          },
          "private": "eyJzY2hlbWFfdmVyc2lvbiI6IjAifQ==",
          "dependencies": [
            "module.organizations.data.aws_organizations_organization.org"
          ]
        }
      ]
    },
    {
      "module": "module.organizations",
      "mode": "managed",
      "type": "aws_organizations_policy_attachment",
      "name": "attach_tag_policy",
      "provider": "provider[\"registry.terraform.io/hashicorp/aws\"]",
      "instances": [
        {
          "schema_version": 0,
          "attributes": {
            "id": "r-3ny3:p-95zoe7m4il",
            "policy_id": "p-95zoe7m4il",
            "skip_destroy": null,
            "target_id": "r-3ny3"
          },
          "sensitive_attributes": [],
          "identity_schema_version": 0,
          "identity": {
            "account_id": "067970016113",
            "policy_id": "p-95zoe7m4il",
            "target_id": "r-3ny3"
          },
          "private": "eyJzY2hlbWFfdmVyc2lvbiI6IjAifQ==",
          "dependencies": [
            "module.organizations.data.aws_organizations_organization.org"
          ]
        }
      ]
    },
    {
      "module": "module.rds",
      "mode": "managed",
      "type": "aws_db_subnet_group",
      "name": "fintech",
      "provider": "provider[\"registry.terraform.io/hashicorp/aws\"]",
      "instances": [
        {
          "schema_version": 0,
          "attributes": {
            "arn": "arn:aws:rds:us-east-1:067970016113:subgrp:fintech-db-subnets",
            "description": "Managed by Terraform",
            "id": "fintech-db-subnets",
            "name": "fintech-db-subnets",
            "name_prefix": "",
            "region": "us-east-1",
            "subnet_ids": [
              "subnet-01588704179390e5b",
              "subnet-05facbfb7bedc3b25"
            ],
            "supported_network_types": [
              "IPV4"
            ],
            "tags": {
              "Environment": "Production",
              "Project": "FinTech"
            },
            "tags_all": {
              "Environment": "Production",
              "Project": "FinTech"
            },
            "vpc_id": "vpc-079ecad9ff20c2857"
          },
          "sensitive_attributes": [],
          "identity_schema_version": 0,
          "private": "bnVsbA==",
          "dependencies": [
            "module.vpc.aws_subnet.db_a",
            "module.vpc.aws_subnet.db_b",
            "module.vpc.aws_vpc.prod",
            "module.vpc.data.aws_availability_zones.available"
          ]
        }
      ]
    },
    {
      "module": "module.rds",
      "mode": "managed",
      "type": "aws_kms_alias",
      "name": "rds_key_alias",
      "provider": "provider[\"registry.terraform.io/hashicorp/aws\"]",
      "instances": [
        {
          "schema_version": 0,
          "attributes": {
            "arn": "arn:aws:kms:us-east-1:067970016113:alias/fintech-rds-key",
            "id": "alias/fintech-rds-key",
            "name": "alias/fintech-rds-key",
            "name_prefix": "",
            "region": "us-east-1",
            "target_key_arn": "arn:aws:kms:us-east-1:067970016113:key/2a555cf7-48da-40d3-a60f-47751d9d5153",
            "target_key_id": "2a555cf7-48da-40d3-a60f-47751d9d5153"
          },
          "sensitive_attributes": [],
          "identity_schema_version": 0,
          "identity": {
            "account_id": "067970016113",
            "name": "alias/fintech-rds-key",
            "region": "us-east-1"
          },
          "private": "bnVsbA==",
          "dependencies": [
            "module.rds.aws_kms_key.rds_key"
          ]
        }
      ]
    },
    {
      "module": "module.rds",
      "mode": "managed",
      "type": "aws_kms_key",
      "name": "rds_key",
      "provider": "provider[\"registry.terraform.io/hashicorp/aws\"]",
      "instances": [
        {
          "schema_version": 0,
          "attributes": {
            "arn": "arn:aws:kms:us-east-1:067970016113:key/2a555cf7-48da-40d3-a60f-47751d9d5153",
            "bypass_policy_lockout_safety_check": false,
            "custom_key_store_id": "",
            "customer_master_key_spec": "SYMMETRIC_DEFAULT",
            "deletion_window_in_days": 7,
            "description": "KMS key for Aurora RDS encryption",
            "enable_key_rotation": true,
            "id": "2a555cf7-48da-40d3-a60f-47751d9d5153",
            "is_enabled": true,
            "key_id": "2a555cf7-48da-40d3-a60f-47751d9d5153",
            "key_usage": "ENCRYPT_DECRYPT",
            "multi_region": false,
            "policy": "{\"Id\":\"key-default-1\",\"Statement\":[{\"Action\":\"kms:*\",\"Effect\":\"Allow\",\"Principal\":{\"AWS\":\"arn:aws:iam::067970016113:root\"},\"Resource\":\"*\",\"Sid\":\"Enable IAM User Permissions\"}],\"Version\":\"2012-10-17\"}",
            "region": "us-east-1",
            "rotation_period_in_days": 365,
            "tags": {
              "Environment": "Production",
              "Project": "FinTech"
            },
            "tags_all": {
              "Environment": "Production",
              "Project": "FinTech"
            },
            "timeouts": null,
            "xks_key_id": ""
          },
          "sensitive_attributes": [],
          "identity_schema_version": 0,
          "identity": {
            "account_id": "067970016113",
            "id": "2a555cf7-48da-40d3-a60f-47751d9d5153",
            "region": "us-east-1"
          },
          "private": "eyJlMmJmYjczMC1lY2FhLTExZTYtOGY4OC0zNDM2M2JjN2M0YzAiOnsiY3JlYXRlIjoxMjAwMDAwMDAwMDB9fQ=="
        }
      ]
    },
    {
      "module": "module.rds",
      "mode": "managed",
      "type": "aws_security_group",
      "name": "db_sg",
      "provider": "provider[\"registry.terraform.io/hashicorp/aws\"]",
      "instances": [
        {
          "schema_version": 1,
          "attributes": {
            "arn": "arn:aws:ec2:us-east-1:067970016113:security-group/sg-08c4cd586d5057d0d",
            "description": "Managed by Terraform",
            "egress": [
              {
                "cidr_blocks": [
                  "0.0.0.0/0"
                ],
                "description": "",
                "from_port": 0,
                "ipv6_cidr_blocks": [],
                "prefix_list_ids": [],
                "protocol": "-1",
                "security_groups": [],
                "self": false,
                "to_port": 0
              }
            ],
            "id": "sg-08c4cd586d5057d0d",
            "ingress": [
              {
                "cidr_blocks": [],
                "description": "",
                "from_port": 5432,
                "ipv6_cidr_blocks": [],
                "prefix_list_ids": [],
                "protocol": "tcp",
                "security_groups": [
                  "sg-0a45e38854eb4c856"
                ],
                "self": false,
                "to_port": 5432
              }
            ],
            "name": "fintech-db-sg",
            "name_prefix": "",
            "owner_id": "067970016113",
            "region": "us-east-1",
            "revoke_rules_on_delete": false,
            "tags": {
              "Environment": "Production",
              "Project": "FinTech"
            },
            "tags_all": {
              "Environment": "Production",
              "Project": "FinTech"
            },
            "timeouts": null,
            "vpc_id": "vpc-0d7dca2f7f3c9bee0"
          },
          "sensitive_attributes": [],
          "identity_schema_version": 0,
          "identity": {
            "account_id": "067970016113",
            "id": "sg-08c4cd586d5057d0d",
            "region": "us-east-1"
          },
          "private": "eyJlMmJmYjczMC1lY2FhLTExZTYtOGY4OC0zNDM2M2JjN2M0YzAiOnsiY3JlYXRlIjo2MDAwMDAwMDAwMDAsImRlbGV0ZSI6OTAwMDAwMDAwMDAwfSwic2NoZW1hX3ZlcnNpb24iOiIxIn0=",
          "dependencies": [
            "module.vpc.aws_vpc.prod"
          ]
        }
      ]
    },
    {
      "module": "module.s3",
      "mode": "managed",
      "type": "aws_s3_bucket",
      "name": "data_lake",
      "provider": "provider[\"registry.terraform.io/hashicorp/aws\"]",
      "instances": [
        {
          "schema_version": 0,
          "attributes": {
            "acceleration_status": "",
            "acl": null,
            "arn": "arn:aws:s3:::fintech-data-lake-9a632c28",
            "bucket": "fintech-data-lake-9a632c28",
            "bucket_domain_name": "fintech-data-lake-9a632c28.s3.amazonaws.com",
            "bucket_prefix": "",
            "bucket_region": "us-east-1",
            "bucket_regional_domain_name": "fintech-data-lake-9a632c28.s3.us-east-1.amazonaws.com",
            "cors_rule": [],
            "force_destroy": false,
            "grant": [
              {
                "id": "dd2f3dfaa47da483a4d4fd94f5e31a17631ce5030f4b81aa39c7f6d041650936",
                "permissions": [
                  "FULL_CONTROL"
                ],
                "type": "CanonicalUser",
                "uri": ""
              }
            ],
            "hosted_zone_id": "Z3AQBSTGFYJSTF",
            "id": "fintech-data-lake-9a632c28",
            "lifecycle_rule": [
              {
                "abort_incomplete_multipart_upload_days": 0,
                "enabled": true,
                "expiration": [],
                "id": "ArchiveOldData",
                "noncurrent_version_expiration": [],
                "noncurrent_version_transition": [],
                "prefix": "archive/",
                "tags": {},
                "transition": [
                  {
                    "date": "",
                    "days": 180,
                    "storage_class": "GLACIER"
                  },
                  {
                    "date": "",
                    "days": 365,
                    "storage_class": "DEEP_ARCHIVE"
                  },
                  {
                    "date": "",
                    "days": 90,
                    "storage_class": "STANDARD_IA"
                  }
                ]
              },
              {
                "abort_incomplete_multipart_upload_days": 0,
                "enabled": true,
                "expiration": [],
                "id": "DeleteOldVersions",
                "noncurrent_version_expiration": [
                  {
                    "days": 90
                  }
                ],
                "noncurrent_version_transition": [],
                "prefix": "",
                "tags": {},
                "transition": []
              }
            ],
            "logging": [
              {
                "target_bucket": "fintech-s3-logs-9a632c28",
                "target_prefix": "access-logs/"
              }
            ],
            "object_lock_configuration": [],
            "object_lock_enabled": false,
            "policy": "",
            "region": "us-east-1",
            "replication_configuration": [],
            "request_payer": "BucketOwner",
            "server_side_encryption_configuration": [
              {
                "rule": [
                  {
                    "apply_server_side_encryption_by_default": [
                      {
                        "kms_master_key_id": "arn:aws:kms:us-east-1:067970016113:key/2a555cf7-48da-40d3-a60f-47751d9d5153",
                        "sse_algorithm": "aws:kms"
                      }
                    ],
                    "bucket_key_enabled": true
                  }
                ]
              }
            ],
            "tags": {
              "Environment": "Production",
              "Project": "FinTech"
            },
            "tags_all": {
              "Environment": "Production",
              "Project": "FinTech"
            },
            "timeouts": null,
            "versioning": [
              {
                "enabled": true,
                "mfa_delete": false
              }
            ],
            "website": [],
            "website_domain": null,
            "website_endpoint": null
          },
          "sensitive_attributes": [],
          "identity_schema_version": 0,
          "identity": {
            "account_id": "067970016113",
            "bucket": "fintech-data-lake-9a632c28",
            "region": "us-east-1"
          },
          "private": "eyJlMmJmYjczMC1lY2FhLTExZTYtOGY4OC0zNDM2M2JjN2M0YzAiOnsiY3JlYXRlIjoxMjAwMDAwMDAwMDAwLCJkZWxldGUiOjM2MDAwMDAwMDAwMDAsInJlYWQiOjEyMDAwMDAwMDAwMDAsInVwZGF0ZSI6MTIwMDAwMDAwMDAwMH19",
          "dependencies": [
            "module.s3.random_id.bucket"
          ]
        }
      ]
    },
    {
      "module": "module.s3",
      "mode": "managed",
      "type": "aws_s3_bucket",
      "name": "log_bucket",
      "provider": "provider[\"registry.terraform.io/hashicorp/aws\"]",
      "instances": [
        {
          "schema_version": 0,
          "attributes": {
            "acceleration_status": "",
            "acl": null,
            "arn": "arn:aws:s3:::fintech-s3-logs-9a632c28",
            "bucket": "fintech-s3-logs-9a632c28",
            "bucket_domain_name": "fintech-s3-logs-9a632c28.s3.amazonaws.com",
            "bucket_prefix": "",
            "bucket_region": "us-east-1",
            "bucket_regional_domain_name": "fintech-s3-logs-9a632c28.s3.us-east-1.amazonaws.com",
            "cors_rule": [],
            "force_destroy": false,
            "grant": [
              {
                "id": "dd2f3dfaa47da483a4d4fd94f5e31a17631ce5030f4b81aa39c7f6d041650936",
                "permissions": [
                  "FULL_CONTROL"
                ],
                "type": "CanonicalUser",
                "uri": ""
              }
            ],
            "hosted_zone_id": "Z3AQBSTGFYJSTF",
            "id": "fintech-s3-logs-9a632c28",
            "lifecycle_rule": [],
            "logging": [],
            "object_lock_configuration": [],
            "object_lock_enabled": false,
            "policy": "",
            "region": "us-east-1",
            "replication_configuration": [],
            "request_payer": "BucketOwner",
            "server_side_encryption_configuration": [
              {
                "rule": [
                  {
                    "apply_server_side_encryption_by_default": [
                      {
                        "kms_master_key_id": "",
                        "sse_algorithm": "AES256"
                      }
                    ],
                    "bucket_key_enabled": false
                  }
                ]
              }
            ],
            "tags": {},
            "tags_all": {},
            "timeouts": null,
            "versioning": [
              {
                "enabled": false,
                "mfa_delete": false
              }
            ],
            "website": [],
            "website_domain": null,
            "website_endpoint": null
          },
          "sensitive_attributes": [],
          "identity_schema_version": 0,
          "identity": {
            "account_id": "067970016113",
            "bucket": "fintech-s3-logs-9a632c28",
            "region": "us-east-1"
          },
          "private": "eyJlMmJmYjczMC1lY2FhLTExZTYtOGY4OC0zNDM2M2JjN2M0YzAiOnsiY3JlYXRlIjoxMjAwMDAwMDAwMDAwLCJkZWxldGUiOjM2MDAwMDAwMDAwMDAsInJlYWQiOjEyMDAwMDAwMDAwMDAsInVwZGF0ZSI6MTIwMDAwMDAwMDAwMH19",
          "dependencies": [
            "module.s3.random_id.bucket"
          ]
        }
      ]
    },
    {
      "module": "module.s3",
      "mode": "managed",
      "type": "aws_s3_bucket_intelligent_tiering_configuration",
      "name": "data_lake",
      "provider": "provider[\"registry.terraform.io/hashicorp/aws\"]",
      "instances": [
        {
          "schema_version": 0,
          "attributes": {
            "bucket": "fintech-data-lake-9a632c28",
            "filter": [],
            "id": "fintech-data-lake-9a632c28:EntireBucket",
            "name": "EntireBucket",
            "region": "us-east-1",
            "status": "Enabled",
            "tiering": [
              {
                "access_tier": "ARCHIVE_ACCESS",
                "days": 90
              },
              {
                "access_tier": "DEEP_ARCHIVE_ACCESS",
                "days": 180
              }
            ]
          },
          "sensitive_attributes": [],
          "identity_schema_version": 0,
          "private": "bnVsbA==",
          "dependencies": [
            "module.s3.aws_s3_bucket.data_lake",
            "module.s3.random_id.bucket"
          ]
        }
      ]
    },
    {
      "module": "module.s3",
      "mode": "managed",
      "type": "aws_s3_bucket_lifecycle_configuration",
      "name": "data_lake",
      "provider": "provider[\"registry.terraform.io/hashicorp/aws\"]",
      "instances": [
        {
          "schema_version": 1,
          "attributes": {
            "bucket": "fintech-data-lake-9a632c28",
            "expected_bucket_owner": "",
            "id": "fintech-data-lake-9a632c28",
            "region": "us-east-1",
            "rule": [
              {
                "abort_incomplete_multipart_upload": [],
                "expiration": [],
                "filter": [
                  {
                    "and": [],
                    "object_size_greater_than": null,
                    "object_size_less_than": null,
                    "prefix": "archive/",
                    "tag": []
                  }
                ],
                "id": "ArchiveOldData",
                "noncurrent_version_expiration": [],
                "noncurrent_version_transition": [],
                "prefix": "",
                "status": "Enabled",
                "transition": [
                  {
                    "date": null,
                    "days": 180,
                    "storage_class": "GLACIER"
                  },
                  {
                    "date": null,
                    "days": 365,
                    "storage_class": "DEEP_ARCHIVE"
                  },
                  {
                    "date": null,
                    "days": 90,
                    "storage_class": "STANDARD_IA"
                  }
                ]
              },
              {
                "abort_incomplete_multipart_upload": [],
                "expiration": [],
                "filter": [],
                "id": "DeleteOldVersions",
                "noncurrent_version_expiration": [
                  {
                    "newer_noncurrent_versions": null,
                    "noncurrent_days": 90
                  }
                ],
                "noncurrent_version_transition": [],
                "prefix": "",
                "status": "Enabled",
                "transition": []
              }
            ],
            "timeouts": null,
            "transition_default_minimum_object_size": "all_storage_classes_128K"
          },
          "sensitive_attributes": [],
          "identity_schema_version": 0,
          "dependencies": [
            "module.s3.aws_s3_bucket.data_lake",
            "module.s3.random_id.bucket"
          ]
        }
      ]
    },
    {
      "module": "module.s3",
      "mode": "managed",
      "type": "aws_s3_bucket_logging",
      "name": "data_lake",
      "provider": "provider[\"registry.terraform.io/hashicorp/aws\"]",
      "instances": [
        {
          "schema_version": 0,
          "attributes": {
            "bucket": "fintech-data-lake-9a632c28",
            "expected_bucket_owner": "",
            "id": "fintech-data-lake-9a632c28",
            "region": "us-east-1",
            "target_bucket": "fintech-s3-logs-9a632c28",
            "target_grant": [],
            "target_object_key_format": [],
            "target_prefix": "access-logs/"
          },
          "sensitive_attributes": [],
          "identity_schema_version": 0,
          "identity": {
            "account_id": "067970016113",
            "bucket": "fintech-data-lake-9a632c28",
            "expected_bucket_owner": null,
            "region": "us-east-1"
          },
          "private": "bnVsbA==",
          "dependencies": [
            "module.s3.aws_s3_bucket.data_lake",
            "module.s3.aws_s3_bucket.log_bucket",
            "module.s3.random_id.bucket"
          ]
        }
      ]
    },
    {
      "module": "module.s3",
      "mode": "managed",
      "type": "aws_s3_bucket_public_access_block",
      "name": "data_lake",
      "provider": "provider[\"registry.terraform.io/hashicorp/aws\"]",
      "instances": [
        {
          "schema_version": 0,
          "attributes": {
            "block_public_acls": true,
            "block_public_policy": true,
            "bucket": "fintech-data-lake-9a632c28",
            "id": "fintech-data-lake-9a632c28",
            "ignore_public_acls": true,
            "region": "us-east-1",
            "restrict_public_buckets": true,
            "skip_destroy": null
          },
          "sensitive_attributes": [],
          "identity_schema_version": 0,
          "identity": {
            "account_id": "067970016113",
            "bucket": "fintech-data-lake-9a632c28",
            "region": "us-east-1"
          },
          "private": "bnVsbA==",
          "dependencies": [
            "module.s3.aws_s3_bucket.data_lake",
            "module.s3.random_id.bucket"
          ]
        }
      ]
    },
    {
      "module": "module.s3",
      "mode": "managed",
      "type": "aws_s3_bucket_server_side_encryption_configuration",
      "name": "data_lake",
      "provider": "provider[\"registry.terraform.io/hashicorp/aws\"]",
      "instances": [
        {
          "schema_version": 0,
          "attributes": {
            "bucket": "fintech-data-lake-9a632c28",
            "expected_bucket_owner": "",
            "id": "fintech-data-lake-9a632c28",
            "region": "us-east-1",
            "rule": [
              {
                "apply_server_side_encryption_by_default": [
                  {
                    "kms_master_key_id": "arn:aws:kms:us-east-1:067970016113:key/2a555cf7-48da-40d3-a60f-47751d9d5153",
                    "sse_algorithm": "aws:kms"
                  }
                ],
                "blocked_encryption_types": [],
                "bucket_key_enabled": true
              }
            ]
          },
          "sensitive_attributes": [],
          "identity_schema_version": 0,
          "identity": {
            "account_id": "067970016113",
            "bucket": "fintech-data-lake-9a632c28",
            "expected_bucket_owner": null,
            "region": "us-east-1"
          },
          "private": "bnVsbA==",
          "dependencies": [
            "module.rds.aws_kms_key.rds_key",
            "module.s3.aws_s3_bucket.data_lake",
            "module.s3.random_id.bucket"
          ]
        }
      ]
    },
    {
      "module": "module.s3",
      "mode": "managed",
      "type": "aws_s3_bucket_server_side_encryption_configuration",
      "name": "log_bucket",
      "provider": "provider[\"registry.terraform.io/hashicorp/aws\"]",
      "instances": [
        {
          "schema_version": 0,
          "attributes": {
            "bucket": "fintech-s3-logs-9a632c28",
            "expected_bucket_owner": "",
            "id": "fintech-s3-logs-9a632c28",
            "region": "us-east-1",
            "rule": [
              {
                "apply_server_side_encryption_by_default": [
                  {
                    "kms_master_key_id": "",
                    "sse_algorithm": "AES256"
                  }
                ],
                "blocked_encryption_types": [],
                "bucket_key_enabled": false
              }
            ]
          },
          "sensitive_attributes": [],
          "identity_schema_version": 0,
          "identity": {
            "account_id": "067970016113",
            "bucket": "fintech-s3-logs-9a632c28",
            "expected_bucket_owner": null,
            "region": "us-east-1"
          },
          "private": "bnVsbA==",
          "dependencies": [
            "module.s3.aws_s3_bucket.log_bucket",
            "module.s3.random_id.bucket"
          ]
        }
      ]
    },
    {
      "module": "module.s3",
      "mode": "managed",
      "type": "aws_s3_bucket_versioning",
      "name": "data_lake",
      "provider": "provider[\"registry.terraform.io/hashicorp/aws\"]",
      "instances": [
        {
          "schema_version": 0,
          "attributes": {
            "bucket": "fintech-data-lake-9a632c28",
            "expected_bucket_owner": "",
            "id": "fintech-data-lake-9a632c28",
            "mfa": null,
            "region": "us-east-1",
            "versioning_configuration": [
              {
                "mfa_delete": "",
                "status": "Enabled"
              }
            ]
          },
          "sensitive_attributes": [],
          "identity_schema_version": 0,
          "identity": {
            "account_id": "067970016113",
            "bucket": "fintech-data-lake-9a632c28",
            "expected_bucket_owner": null,
            "region": "us-east-1"
          },
          "private": "bnVsbA==",
          "dependencies": [
            "module.s3.aws_s3_bucket.data_lake",
            "module.s3.random_id.bucket"
          ]
        }
      ]
    },
    {
      "module": "module.s3",
      "mode": "managed",
      "type": "aws_s3_object",
      "name": "folders",
      "provider": "provider[\"registry.terraform.io/hashicorp/aws\"]",
      "instances": [
        {
          "index_key": "analytics/ml-data/",
          "schema_version": 0,
          "attributes": {
            "acl": null,
            "arn": "arn:aws:s3:::fintech-data-lake-9a632c28/analytics/ml-data/",
            "bucket": "fintech-data-lake-9a632c28",
            "bucket_key_enabled": false,
            "cache_control": "",
            "checksum_algorithm": null,
            "checksum_crc32": "",
            "checksum_crc32c": "",
            "checksum_crc64nvme": "",
            "checksum_sha1": "",
            "checksum_sha256": "",
            "content": null,
            "content_base64": null,
            "content_disposition": "",
            "content_encoding": "",
            "content_language": "",
            "content_type": "application/octet-stream",
            "etag": "d41d8cd98f00b204e9800998ecf8427e",
            "force_destroy": false,
            "id": "fintech-data-lake-9a632c28/analytics/ml-data/",
            "key": "analytics/ml-data/",
            "kms_key_id": null,
            "metadata": {},
            "object_lock_legal_hold_status": "",
            "object_lock_mode": "",
            "object_lock_retain_until_date": "",
            "override_provider": [],
            "region": "us-east-1",
            "server_side_encryption": "AES256",
            "source": null,
            "source_hash": null,
            "storage_class": "STANDARD",
            "tags": {},
            "tags_all": {},
            "version_id": "null",
            "website_redirect": ""
          },
          "sensitive_attributes": [],
          "identity_schema_version": 0,
          "identity": {
            "account_id": "067970016113",
            "bucket": "fintech-data-lake-9a632c28",
            "key": "analytics/ml-data/",
            "region": "us-east-1"
          },
          "private": "bnVsbA==",
          "dependencies": [
            "module.s3.aws_s3_bucket.data_lake",
            "module.s3.random_id.bucket"
          ]
        },
        {
          "index_key": "archive/compliance/",
          "schema_version": 0,
          "attributes": {
            "acl": null,
            "arn": "arn:aws:s3:::fintech-data-lake-9a632c28/archive/compliance/",
            "bucket": "fintech-data-lake-9a632c28",
            "bucket_key_enabled": false,
            "cache_control": "",
            "checksum_algorithm": null,
            "checksum_crc32": "",
            "checksum_crc32c": "",
            "checksum_crc64nvme": "",
            "checksum_sha1": "",
            "checksum_sha256": "",
            "content": null,
            "content_base64": null,
            "content_disposition": "",
            "content_encoding": "",
            "content_language": "",
            "content_type": "application/octet-stream",
            "etag": "d41d8cd98f00b204e9800998ecf8427e",
            "force_destroy": false,
            "id": "fintech-data-lake-9a632c28/archive/compliance/",
            "key": "archive/compliance/",
            "kms_key_id": null,
            "metadata": {},
            "object_lock_legal_hold_status": "",
            "object_lock_mode": "",
            "object_lock_retain_until_date": "",
            "override_provider": [],
            "region": "us-east-1",
            "server_side_encryption": "AES256",
            "source": null,
            "source_hash": null,
            "storage_class": "STANDARD",
            "tags": {},
            "tags_all": {},
            "version_id": "null",
            "website_redirect": ""
          },
          "sensitive_attributes": [],
          "identity_schema_version": 0,
          "identity": {
            "account_id": "067970016113",
            "bucket": "fintech-data-lake-9a632c28",
            "key": "archive/compliance/",
            "region": "us-east-1"
          },
          "private": "bnVsbA==",
          "dependencies": [
            "module.s3.aws_s3_bucket.data_lake",
            "module.s3.random_id.bucket"
          ]
        },
        {
          "index_key": "processed/aggregations/",
          "schema_version": 0,
          "attributes": {
            "acl": null,
            "arn": "arn:aws:s3:::fintech-data-lake-9a632c28/processed/aggregations/",
            "bucket": "fintech-data-lake-9a632c28",
            "bucket_key_enabled": false,
            "cache_control": "",
            "checksum_algorithm": null,
            "checksum_crc32": "",
            "checksum_crc32c": "",
            "checksum_crc64nvme": "",
            "checksum_sha1": "",
            "checksum_sha256": "",
            "content": null,
            "content_base64": null,
            "content_disposition": "",
            "content_encoding": "",
            "content_language": "",
            "content_type": "application/octet-stream",
            "etag": "d41d8cd98f00b204e9800998ecf8427e",
            "force_destroy": false,
            "id": "fintech-data-lake-9a632c28/processed/aggregations/",
            "key": "processed/aggregations/",
            "kms_key_id": null,
            "metadata": {},
            "object_lock_legal_hold_status": "",
            "object_lock_mode": "",
            "object_lock_retain_until_date": "",
            "override_provider": [],
            "region": "us-east-1",
            "server_side_encryption": "AES256",
            "source": null,
            "source_hash": null,
            "storage_class": "STANDARD",
            "tags": {},
            "tags_all": {},
            "version_id": "null",
            "website_redirect": ""
          },
          "sensitive_attributes": [],
          "identity_schema_version": 0,
          "identity": {
            "account_id": "067970016113",
            "bucket": "fintech-data-lake-9a632c28",
            "key": "processed/aggregations/",
            "region": "us-east-1"
          },
          "private": "bnVsbA==",
          "dependencies": [
            "module.s3.aws_s3_bucket.data_lake",
            "module.s3.random_id.bucket"
          ]
        },
        {
          "index_key": "processed/daily-reports/",
          "schema_version": 0,
          "attributes": {
            "acl": null,
            "arn": "arn:aws:s3:::fintech-data-lake-9a632c28/processed/daily-reports/",
            "bucket": "fintech-data-lake-9a632c28",
            "bucket_key_enabled": false,
            "cache_control": "",
            "checksum_algorithm": null,
            "checksum_crc32": "",
            "checksum_crc32c": "",
            "checksum_crc64nvme": "",
            "checksum_sha1": "",
            "checksum_sha256": "",
            "content": null,
            "content_base64": null,
            "content_disposition": "",
            "content_encoding": "",
            "content_language": "",
            "content_type": "application/octet-stream",
            "etag": "d41d8cd98f00b204e9800998ecf8427e",
            "force_destroy": false,
            "id": "fintech-data-lake-9a632c28/processed/daily-reports/",
            "key": "processed/daily-reports/",
            "kms_key_id": null,
            "metadata": {},
            "object_lock_legal_hold_status": "",
            "object_lock_mode": "",
            "object_lock_retain_until_date": "",
            "override_provider": [],
            "region": "us-east-1",
            "server_side_encryption": "AES256",
            "source": null,
            "source_hash": null,
            "storage_class": "STANDARD",
            "tags": {},
            "tags_all": {},
            "version_id": "null",
            "website_redirect": ""
          },
          "sensitive_attributes": [],
          "identity_schema_version": 0,
          "identity": {
            "account_id": "067970016113",
            "bucket": "fintech-data-lake-9a632c28",
            "key": "processed/daily-reports/",
            "region": "us-east-1"
          },
          "private": "bnVsbA==",
          "dependencies": [
            "module.s3.aws_s3_bucket.data_lake",
            "module.s3.random_id.bucket"
          ]
        },
        {
          "index_key": "raw/events/",
          "schema_version": 0,
          "attributes": {
            "acl": null,
            "arn": "arn:aws:s3:::fintech-data-lake-9a632c28/raw/events/",
            "bucket": "fintech-data-lake-9a632c28",
            "bucket_key_enabled": false,
            "cache_control": "",
            "checksum_algorithm": null,
            "checksum_crc32": "",
            "checksum_crc32c": "",
            "checksum_crc64nvme": "",
            "checksum_sha1": "",
            "checksum_sha256": "",
            "content": null,
            "content_base64": null,
            "content_disposition": "",
            "content_encoding": "",
            "content_language": "",
            "content_type": "application/octet-stream",
            "etag": "d41d8cd98f00b204e9800998ecf8427e",
            "force_destroy": false,
            "id": "fintech-data-lake-9a632c28/raw/events/",
            "key": "raw/events/",
            "kms_key_id": null,
            "metadata": {},
            "object_lock_legal_hold_status": "",
            "object_lock_mode": "",
            "object_lock_retain_until_date": "",
            "override_provider": [],
            "region": "us-east-1",
            "server_side_encryption": "AES256",
            "source": null,
            "source_hash": null,
            "storage_class": "STANDARD",
            "tags": {},
            "tags_all": {},
            "version_id": "null",
            "website_redirect": ""
          },
          "sensitive_attributes": [],
          "identity_schema_version": 0,
          "identity": {
            "account_id": "067970016113",
            "bucket": "fintech-data-lake-9a632c28",
            "key": "raw/events/",
            "region": "us-east-1"
          },
          "private": "bnVsbA==",
          "dependencies": [
            "module.s3.aws_s3_bucket.data_lake",
            "module.s3.random_id.bucket"
          ]
        },
        {
          "index_key": "raw/logs/",
          "schema_version": 0,
          "attributes": {
            "acl": null,
            "arn": "arn:aws:s3:::fintech-data-lake-9a632c28/raw/logs/",
            "bucket": "fintech-data-lake-9a632c28",
            "bucket_key_enabled": false,
            "cache_control": "",
            "checksum_algorithm": null,
            "checksum_crc32": "",
            "checksum_crc32c": "",
            "checksum_crc64nvme": "",
            "checksum_sha1": "",
            "checksum_sha256": "",
            "content": null,
            "content_base64": null,
            "content_disposition": "",
            "content_encoding": "",
            "content_language": "",
            "content_type": "application/octet-stream",
            "etag": "d41d8cd98f00b204e9800998ecf8427e",
            "force_destroy": false,
            "id": "fintech-data-lake-9a632c28/raw/logs/",
            "key": "raw/logs/",
            "kms_key_id": null,
            "metadata": {},
            "object_lock_legal_hold_status": "",
            "object_lock_mode": "",
            "object_lock_retain_until_date": "",
            "override_provider": [],
            "region": "us-east-1",
            "server_side_encryption": "AES256",
            "source": null,
            "source_hash": null,
            "storage_class": "STANDARD",
            "tags": {},
            "tags_all": {},
            "version_id": "null",
            "website_redirect": ""
          },
          "sensitive_attributes": [],
          "identity_schema_version": 0,
          "identity": {
            "account_id": "067970016113",
            "bucket": "fintech-data-lake-9a632c28",
            "key": "raw/logs/",
            "region": "us-east-1"
          },
          "private": "bnVsbA==",
          "dependencies": [
            "module.s3.aws_s3_bucket.data_lake",
            "module.s3.random_id.bucket"
          ]
        },
        {
          "index_key": "raw/transactions/",
          "schema_version": 0,
          "attributes": {
            "acl": null,
            "arn": "arn:aws:s3:::fintech-data-lake-9a632c28/raw/transactions/",
            "bucket": "fintech-data-lake-9a632c28",
            "bucket_key_enabled": false,
            "cache_control": "",
            "checksum_algorithm": null,
            "checksum_crc32": "",
            "checksum_crc32c": "",
            "checksum_crc64nvme": "",
            "checksum_sha1": "",
            "checksum_sha256": "",
            "content": null,
            "content_base64": null,
            "content_disposition": "",
            "content_encoding": "",
            "content_language": "",
            "content_type": "application/octet-stream",
            "etag": "d41d8cd98f00b204e9800998ecf8427e",
            "force_destroy": false,
            "id": "fintech-data-lake-9a632c28/raw/transactions/",
            "key": "raw/transactions/",
            "kms_key_id": null,
            "metadata": {},
            "object_lock_legal_hold_status": "",
            "object_lock_mode": "",
            "object_lock_retain_until_date": "",
            "override_provider": [],
            "region": "us-east-1",
            "server_side_encryption": "AES256",
            "source": null,
            "source_hash": null,
            "storage_class": "STANDARD",
            "tags": {},
            "tags_all": {},
            "version_id": "null",
            "website_redirect": ""
          },
          "sensitive_attributes": [],
          "identity_schema_version": 0,
          "identity": {
            "account_id": "067970016113",
            "bucket": "fintech-data-lake-9a632c28",
            "key": "raw/transactions/",
            "region": "us-east-1"
          },
          "private": "bnVsbA==",
          "dependencies": [
            "module.s3.aws_s3_bucket.data_lake",
            "module.s3.random_id.bucket"
          ]
        }
      ]
    },
    {
      "module": "module.s3",
      "mode": "managed",
      "type": "random_id",
      "name": "bucket",
      "provider": "provider[\"registry.terraform.io/hashicorp/random\"]",
      "instances": [
        {
          "schema_version": 0,
          "attributes": {
            "b64_std": "mmMsKA==",
            "b64_url": "mmMsKA",
            "byte_length": 4,
            "dec": "2590190632",
            "hex": "9a632c28",
            "id": "mmMsKA",
            "keepers": null,
            "prefix": null
          },
          "sensitive_attributes": [],
          "identity_schema_version": 0
        }
      ]
    },
    {
      "module": "module.secrets",
      "mode": "managed",
      "type": "aws_iam_policy",
      "name": "ecs_secrets_policy",
      "provider": "provider[\"registry.terraform.io/hashicorp/aws\"]",
      "instances": [
        {
          "schema_version": 0,
          "attributes": {
            "arn": "arn:aws:iam::067970016113:policy/ECS-SecretsManager-Access",
            "attachment_count": 0,
            "delay_after_policy_creation_in_ms": null,
            "description": "",
            "id": "arn:aws:iam::067970016113:policy/ECS-SecretsManager-Access",
            "name": "ECS-SecretsManager-Access",
            "name_prefix": "",
            "path": "/",
            "policy": "{\"Statement\":[{\"Action\":[\"secretsmanager:GetSecretValue\",\"secretsmanager:DescribeSecret\"],\"Effect\":\"Allow\",\"Resource\":\"arn:aws:secretsmanager:us-east-1:067970016113:secret:fintech/*\"}],\"Version\":\"2012-10-17\"}",
            "policy_id": "ANPAQ7U2UENY533CI3H7A",
            "tags": {},
            "tags_all": {}
          },
          "sensitive_attributes": [],
          "identity_schema_version": 0,
          "identity": {
            "arn": "arn:aws:iam::067970016113:policy/ECS-SecretsManager-Access"
          },
          "private": "eyJzY2hlbWFfdmVyc2lvbiI6IjAifQ==",
          "dependencies": [
            "data.aws_caller_identity.current"
          ]
        }
      ]
    },
    {
      "module": "module.secrets",
      "mode": "managed",
      "type": "aws_secretsmanager_secret",
      "name": "api_keys",
      "provider": "provider[\"registry.terraform.io/hashicorp/aws\"]",
      "instances": [
        {
          "schema_version": 0,
          "attributes": {
            "arn": "arn:aws:secretsmanager:us-east-1:067970016113:secret:fintech/api-keys-u1yUa6",
            "description": "API keys for external services",
            "force_overwrite_replica_secret": false,
            "id": "arn:aws:secretsmanager:us-east-1:067970016113:secret:fintech/api-keys-u1yUa6",
            "kms_key_id": "arn:aws:kms:us-east-1:067970016113:key/2a555cf7-48da-40d3-a60f-47751d9d5153",
            "name": "fintech/api-keys",
            "name_prefix": "",
            "policy": "",
            "recovery_window_in_days": 30,
            "region": "us-east-1",
            "replica": [],
            "tags": {},
            "tags_all": {}
          },
          "sensitive_attributes": [],
          "identity_schema_version": 0,
          "identity": {
            "arn": "arn:aws:secretsmanager:us-east-1:067970016113:secret:fintech/api-keys-u1yUa6"
          },
          "private": "bnVsbA==",
          "dependencies": [
            "module.rds.aws_kms_key.rds_key"
          ]
        }
      ]
    },
    {
      "module": "module.secrets",
      "mode": "managed",
      "type": "aws_secretsmanager_secret",
      "name": "redis_auth",
      "provider": "provider[\"registry.terraform.io/hashicorp/aws\"]",
      "instances": [
        {
          "schema_version": 0,
          "attributes": {
            "arn": "arn:aws:secretsmanager:us-east-1:067970016113:secret:fintech/redis-auth-IhrMcg",
            "description": "ElastiCache Redis authentication token",
            "force_overwrite_replica_secret": false,
            "id": "arn:aws:secretsmanager:us-east-1:067970016113:secret:fintech/redis-auth-IhrMcg",
            "kms_key_id": "arn:aws:kms:us-east-1:067970016113:key/2a555cf7-48da-40d3-a60f-47751d9d5153",
            "name": "fintech/redis-auth",
            "name_prefix": "",
            "policy": "",
            "recovery_window_in_days": 30,
            "region": "us-east-1",
            "replica": [],
            "tags": {},
            "tags_all": {}
          },
          "sensitive_attributes": [],
          "identity_schema_version": 0,
          "identity": {
            "arn": "arn:aws:secretsmanager:us-east-1:067970016113:secret:fintech/redis-auth-IhrMcg"
          },
          "private": "bnVsbA==",
          "dependencies": [
            "module.rds.aws_kms_key.rds_key"
          ]
        }
      ]
    },
    {
      "module": "module.secrets",
      "mode": "managed",
      "type": "aws_secretsmanager_secret_version",
      "name": "api_keys_value",
      "provider": "provider[\"registry.terraform.io/hashicorp/aws\"]",
      "instances": [
        {
          "schema_version": 0,
          "attributes": {
            "arn": "arn:aws:secretsmanager:us-east-1:067970016113:secret:fintech/api-keys-u1yUa6",
            "has_secret_string_wo": null,
            "id": "arn:aws:secretsmanager:us-east-1:067970016113:secret:fintech/api-keys-u1yUa6|terraform-20260119183350054900000004",
            "region": "us-east-1",
            "secret_binary": "",
            "secret_id": "arn:aws:secretsmanager:us-east-1:067970016113:secret:fintech/api-keys-u1yUa6",
            "secret_string": "{\"sendgrid_api_key\":\"SG.placeholder\",\"stripe_api_key\":\"sk_live_placeholder\"}",
            "secret_string_wo": null,
            "secret_string_wo_version": null,
            "version_id": "terraform-20260119183350054900000004",
            "version_stages": [
              "AWSCURRENT"
            ]
          },
          "sensitive_attributes": [
            [
              {
                "type": "get_attr",
                "value": "secret_binary"
              }
            ],
            [
              {
                "type": "get_attr",
                "value": "secret_string"
              }
            ],
            [
              {
                "type": "get_attr",
                "value": "secret_string_wo"
              }
            ]
          ],
          "identity_schema_version": 0,
          "identity": {
            "account_id": "067970016113",
            "region": "us-east-1",
            "secret_id": "arn:aws:secretsmanager:us-east-1:067970016113:secret:fintech/api-keys-u1yUa6",
            "version_id": "terraform-20260119183350054900000004"
          },
          "private": "bnVsbA==",
          "dependencies": [
            "module.rds.aws_kms_key.rds_key",
            "module.secrets.aws_secretsmanager_secret.api_keys"
          ]
        }
      ]
    },
    {
      "module": "module.secrets",
      "mode": "managed",
      "type": "aws_secretsmanager_secret_version",
      "name": "redis_auth_value",
      "provider": "provider[\"registry.terraform.io/hashicorp/aws\"]",
      "instances": [
        {
          "schema_version": 0,
          "attributes": {
            "arn": "arn:aws:secretsmanager:us-east-1:067970016113:secret:fintech/redis-auth-IhrMcg",
            "has_secret_string_wo": null,
            "id": "arn:aws:secretsmanager:us-east-1:067970016113:secret:fintech/redis-auth-IhrMcg|terraform-20260119183349985900000003",
            "region": "us-east-1",
            "secret_binary": "",
            "secret_id": "arn:aws:secretsmanager:us-east-1:067970016113:secret:fintech/redis-auth-IhrMcg",
            "secret_string": "MzpwPWomJVNJbGxoSmJPYXNvQDkmanU9JThJYV1uOWQ=",
            "secret_string_wo": null,
            "secret_string_wo_version": null,
            "version_id": "terraform-20260119183349985900000003",
            "version_stages": [
              "AWSCURRENT"
            ]
          },
          "sensitive_attributes": [
            [
              {
                "type": "get_attr",
                "value": "secret_binary"
              }
            ],
            [
              {
                "type": "get_attr",
                "value": "secret_string"
              }
            ],
            [
              {
                "type": "get_attr",
                "value": "secret_string_wo"
              }
            ]
          ],
          "identity_schema_version": 0,
          "identity": {
            "account_id": "067970016113",
            "region": "us-east-1",
            "secret_id": "arn:aws:secretsmanager:us-east-1:067970016113:secret:fintech/redis-auth-IhrMcg",
            "version_id": "terraform-20260119183349985900000003"
          },
          "private": "bnVsbA==",
          "dependencies": [
            "module.rds.aws_kms_key.rds_key",
            "module.secrets.aws_secretsmanager_secret.redis_auth",
            "module.secrets.random_password.redis"
          ]
        }
      ]
    },
    {
      "module": "module.secrets",
      "mode": "managed",
      "type": "random_password",
      "name": "db_master",
      "provider": "provider[\"registry.terraform.io/hashicorp/random\"]",
      "instances": [
        {
          "schema_version": 3,
          "attributes": {
            "bcrypt_hash": "$2a$10$81rMeQ7YcrEx/Mo8dWpRgumI8cGky/WzRnvN9WjhHV7JVowPmq18G",
            "id": "none",
            "keepers": null,
            "length": 16,
            "lower": true,
            "min_lower": 0,
            "min_numeric": 0,
            "min_special": 0,
            "min_upper": 0,
            "number": true,
            "numeric": true,
            "override_special": "!@#%^\u0026*()-_=+[]{}",
            "result": "ij[QFFjS2SyLMf\u0026d",
            "special": true,
            "upper": true
          },
          "sensitive_attributes": [
            [
              {
                "type": "get_attr",
                "value": "bcrypt_hash"
              }
            ],
            [
              {
                "type": "get_attr",
                "value": "result"
              }
            ]
          ],
          "identity_schema_version": 0
        }
      ]
    },
    {
      "module": "module.secrets",
      "mode": "managed",
      "type": "random_password",
      "name": "redis",
      "provider": "provider[\"registry.terraform.io/hashicorp/random\"]",
      "instances": [
        {
          "schema_version": 3,
          "attributes": {
            "bcrypt_hash": "$2a$10$qBuVdNRFQ2TZLfsZcz5GeO8MHwaIFHMEmDXw.tpI9ZYViVDGZW/OS",
            "id": "none",
            "keepers": null,
            "length": 32,
            "lower": true,
            "min_lower": 0,
            "min_numeric": 0,
            "min_special": 0,
            "min_upper": 0,
            "number": true,
            "numeric": true,
            "override_special": null,
            "result": "3:p=j\u0026%SIllhJbOaso@9\u0026ju=%8Ia]n9d",
            "special": true,
            "upper": true
          },
          "sensitive_attributes": [
            [
              {
                "type": "get_attr",
                "value": "bcrypt_hash"
              }
            ],
            [
              {
                "type": "get_attr",
                "value": "result"
              }
            ]
          ],
          "identity_schema_version": 0
        }
      ]
    },
    {
      "module": "module.tagging",
      "mode": "managed",
      "type": "aws_organizations_policy",
      "name": "tag_policy",
      "provider": "provider[\"registry.terraform.io/hashicorp/aws\"]",
      "instances": [
        {
          "schema_version": 0,
          "attributes": {
            "arn": "arn:aws:organizations::067970016113:policy/o-8r29grlns8/tag_policy/p-95zoe7m4il",
            "content": "{\"tags\":{\"CostCenter\":{\"tag_key\":{\"@@assign\":\"CostCenter\"},\"tag_value\":{\"@@assign\":[\"CC-*\"]}},\"Environment\":{\"tag_key\":{\"@@assign\":\"Environment\"},\"tag_value\":{\"@@assign\":[\"Production\",\"Staging\",\"Development\",\"Sandbox\"]}},\"Project\":{\"tag_key\":{\"@@assign\":\"Project\"}}}}",
            "description": "",
            "id": "p-95zoe7m4il",
            "name": "FinTechTagPolicy",
            "skip_destroy": null,
            "tags": {},
            "tags_all": {},
            "type": "TAG_POLICY"
          },
          "sensitive_attributes": [],
          "identity_schema_version": 0,
          "identity": {
            "account_id": "067970016113",
            "id": "p-95zoe7m4il"
          },
          "private": "eyJzY2hlbWFfdmVyc2lvbiI6IjAifQ=="
        }
      ]
    },
    {
      "module": "module.vpc",
      "mode": "data",
      "type": "aws_availability_zones",
      "name": "available",
      "provider": "provider[\"registry.terraform.io/hashicorp/aws\"]",
      "instances": [
        {
          "schema_version": 0,
          "attributes": {
            "all_availability_zones": null,
            "exclude_names": null,
            "exclude_zone_ids": null,
            "filter": null,
            "group_names": [
              "us-east-1-zg-1"
            ],
            "id": "us-east-1",
            "names": [
              "us-east-1a",
              "us-east-1b",
              "us-east-1c",
              "us-east-1d",
              "us-east-1e",
              "us-east-1f"
            ],
            "region": "us-east-1",
            "state": "available",
            "timeouts": null,
            "zone_ids": [
              "use1-az1",
              "use1-az2",
              "use1-az4",
              "use1-az6",
              "use1-az3",
              "use1-az5"
            ]
          },
          "sensitive_attributes": [],
          "identity_schema_version": 0
        }
      ]
    },
    {
      "module": "module.vpc",
      "mode": "managed",
      "type": "aws_eip",
      "name": "nat",
      "provider": "provider[\"registry.terraform.io/hashicorp/aws\"]",
      "instances": [
        {
          "schema_version": 0,
          "attributes": {
            "address": null,
            "allocation_id": "eipalloc-03ecf525df4de2c04",
            "arn": "arn:aws:ec2:us-east-1:067970016113:elastic-ip/eipalloc-03ecf525df4de2c04",
            "associate_with_private_ip": null,
            "association_id": "eipassoc-0ddccf8d486ab351e",
            "carrier_ip": "",
            "customer_owned_ip": "",
            "customer_owned_ipv4_pool": "",
            "domain": "vpc",
            "id": "eipalloc-03ecf525df4de2c04",
            "instance": "",
            "ipam_pool_id": null,
            "network_border_group": "us-east-1",
            "network_interface": "eni-072a478270ccd74bd",
            "private_dns": "ip-10-0-1-143.ec2.internal",
            "private_ip": "10.0.1.143",
            "ptr_record": "",
            "public_dns": "ec2-52-7-33-134.compute-1.amazonaws.com",
            "public_ip": "52.7.33.134",
            "public_ipv4_pool": "amazon",
            "region": "us-east-1",
            "tags": {},
            "tags_all": {},
            "timeouts": null
          },
          "sensitive_attributes": [],
          "identity_schema_version": 0,
          "private": "eyJlMmJmYjczMC1lY2FhLTExZTYtOGY4OC0zNDM2M2JjN2M0YzAiOnsiZGVsZXRlIjoxODAwMDAwMDAwMDAsInJlYWQiOjkwMDAwMDAwMDAwMCwidXBkYXRlIjozMDAwMDAwMDAwMDB9fQ=="
        }
      ]
    },
    {
      "module": "module.vpc",
      "mode": "managed",
      "type": "aws_internet_gateway",
      "name": "igw",
      "provider": "provider[\"registry.terraform.io/hashicorp/aws\"]",
      "instances": [
        {
          "schema_version": 0,
          "attributes": {
            "arn": "arn:aws:ec2:us-east-1:067970016113:internet-gateway/igw-0d58eaaabb55c7b5b",
            "id": "igw-0d58eaaabb55c7b5b",
            "owner_id": "067970016113",
            "region": "us-east-1",
            "tags": {
              "Name": "fintech-igw"
            },
            "tags_all": {
              "Name": "fintech-igw"
            },
            "timeouts": null,
            "vpc_id": "vpc-0d7dca2f7f3c9bee0"
          },
          "sensitive_attributes": [],
          "identity_schema_version": 0,
          "private": "eyJlMmJmYjczMC1lY2FhLTExZTYtOGY4OC0zNDM2M2JjN2M0YzAiOnsiY3JlYXRlIjoxMjAwMDAwMDAwMDAwLCJkZWxldGUiOjEyMDAwMDAwMDAwMDAsInVwZGF0ZSI6MTIwMDAwMDAwMDAwMH19",
          "dependencies": [
            "module.vpc.aws_vpc.prod"
          ]
        }
      ]
    },
    {
      "module": "module.vpc",
      "mode": "managed",
      "type": "aws_nat_gateway",
      "name": "nat_gw",
      "provider": "provider[\"registry.terraform.io/hashicorp/aws\"]",
      "instances": [
        {
          "schema_version": 0,
          "attributes": {
            "allocation_id": "eipalloc-03ecf525df4de2c04",
            "association_id": "eipassoc-0ddccf8d486ab351e",
            "auto_provision_zones": null,
            "auto_scaling_ips": null,
            "availability_mode": "zonal",
            "availability_zone_address": [],
            "connectivity_type": "public",
            "id": "nat-0e2520e48dbe2240d",
            "network_interface_id": "eni-072a478270ccd74bd",
            "private_ip": "10.0.1.143",
            "public_ip": "52.7.33.134",
            "region": "us-east-1",
            "regional_nat_gateway_address": [],
            "regional_nat_gateway_auto_mode": null,
            "route_table_id": null,
            "secondary_allocation_ids": [],
            "secondary_private_ip_address_count": 0,
            "secondary_private_ip_addresses": [],
            "subnet_id": "subnet-0578c85494cd60f4f",
            "tags": {
              "Name": "fintech-nat-gw"
            },
            "tags_all": {
              "Name": "fintech-nat-gw"
            },
            "timeouts": null,
            "vpc_id": "vpc-0d7dca2f7f3c9bee0"
          },
          "sensitive_attributes": [],
          "identity_schema_version": 0,
          "private": "eyJlMmJmYjczMC1lY2FhLTExZTYtOGY4OC0zNDM2M2JjN2M0YzAiOnsiY3JlYXRlIjo2MDAwMDAwMDAwMDAsImRlbGV0ZSI6MTgwMDAwMDAwMDAwMCwidXBkYXRlIjo2MDAwMDAwMDAwMDB9fQ==",
          "dependencies": [
            "module.vpc.aws_eip.nat",
            "module.vpc.aws_subnet.public_a",
            "module.vpc.aws_vpc.prod",
            "module.vpc.data.aws_availability_zones.available"
          ]
        }
      ]
    },
    {
      "module": "module.vpc",
      "mode": "managed",
      "type": "aws_subnet",
      "name": "db_a",
      "provider": "provider[\"registry.terraform.io/hashicorp/aws\"]",
      "instances": [
        {
          "schema_version": 1,
          "attributes": {
            "arn": "arn:aws:ec2:us-east-1:067970016113:subnet/subnet-05facbfb7bedc3b25",
            "assign_ipv6_address_on_creation": false,
            "availability_zone": "us-east-1a",
            "availability_zone_id": "use1-az1",
            "cidr_block": "10.0.21.0/24",
            "customer_owned_ipv4_pool": "",
            "enable_dns64": false,
            "enable_lni_at_device_index": 0,
            "enable_resource_name_dns_a_record_on_launch": false,
            "enable_resource_name_dns_aaaa_record_on_launch": false,
            "id": "subnet-05facbfb7bedc3b25",
            "ipv6_cidr_block": "",
            "ipv6_cidr_block_association_id": "",
            "ipv6_native": false,
            "map_customer_owned_ip_on_launch": false,
            "map_public_ip_on_launch": false,
            "outpost_arn": "",
            "owner_id": "067970016113",
            "private_dns_hostname_type_on_launch": "ip-name",
            "region": "us-east-1",
            "tags": {
              "Name": "fintech-db-az-a"
            },
            "tags_all": {
              "Name": "fintech-db-az-a"
            },
            "timeouts": null,
            "vpc_id": "vpc-0d7dca2f7f3c9bee0"
          },
          "sensitive_attributes": [],
          "identity_schema_version": 0,
          "identity": {
            "account_id": "067970016113",
            "id": "subnet-05facbfb7bedc3b25",
            "region": "us-east-1"
          },
          "private": "eyJlMmJmYjczMC1lY2FhLTExZTYtOGY4OC0zNDM2M2JjN2M0YzAiOnsiY3JlYXRlIjo2MDAwMDAwMDAwMDAsImRlbGV0ZSI6MTIwMDAwMDAwMDAwMH0sInNjaGVtYV92ZXJzaW9uIjoiMSJ9",
          "dependencies": [
            "module.vpc.aws_vpc.prod",
            "module.vpc.data.aws_availability_zones.available"
          ]
        }
      ]
    },
    {
      "module": "module.vpc",
      "mode": "managed",
      "type": "aws_subnet",
      "name": "db_b",
      "provider": "provider[\"registry.terraform.io/hashicorp/aws\"]",
      "instances": [
        {
          "schema_version": 1,
          "attributes": {
            "arn": "arn:aws:ec2:us-east-1:067970016113:subnet/subnet-01588704179390e5b",
            "assign_ipv6_address_on_creation": false,
            "availability_zone": "us-east-1b",
            "availability_zone_id": "use1-az2",
            "cidr_block": "10.0.22.0/24",
            "customer_owned_ipv4_pool": "",
            "enable_dns64": false,
            "enable_lni_at_device_index": 0,
            "enable_resource_name_dns_a_record_on_launch": false,
            "enable_resource_name_dns_aaaa_record_on_launch": false,
            "id": "subnet-01588704179390e5b",
            "ipv6_cidr_block": "",
            "ipv6_cidr_block_association_id": "",
            "ipv6_native": false,
            "map_customer_owned_ip_on_launch": false,
            "map_public_ip_on_launch": false,
            "outpost_arn": "",
            "owner_id": "067970016113",
            "private_dns_hostname_type_on_launch": "ip-name",
            "region": "us-east-1",
            "tags": {
              "Name": "fintech-db-az-b"
            },
            "tags_all": {
              "Name": "fintech-db-az-b"
            },
            "timeouts": null,
            "vpc_id": "vpc-0d7dca2f7f3c9bee0"
          },
          "sensitive_attributes": [],
          "identity_schema_version": 0,
          "identity": {
            "account_id": "067970016113",
            "id": "subnet-01588704179390e5b",
            "region": "us-east-1"
          },
          "private": "eyJlMmJmYjczMC1lY2FhLTExZTYtOGY4OC0zNDM2M2JjN2M0YzAiOnsiY3JlYXRlIjo2MDAwMDAwMDAwMDAsImRlbGV0ZSI6MTIwMDAwMDAwMDAwMH0sInNjaGVtYV92ZXJzaW9uIjoiMSJ9",
          "dependencies": [
            "module.vpc.aws_vpc.prod",
            "module.vpc.data.aws_availability_zones.available"
          ]
        }
      ]
    },
    {
      "module": "module.vpc",
      "mode": "managed",
      "type": "aws_subnet",
      "name": "private_app_a",
      "provider": "provider[\"registry.terraform.io/hashicorp/aws\"]",
      "instances": [
        {
          "schema_version": 1,
          "attributes": {
            "arn": "arn:aws:ec2:us-east-1:067970016113:subnet/subnet-04cc63a1d5cf2af34",
            "assign_ipv6_address_on_creation": false,
            "availability_zone": "us-east-1a",
            "availability_zone_id": "use1-az1",
            "cidr_block": "10.0.11.0/24",
            "customer_owned_ipv4_pool": "",
            "enable_dns64": false,
            "enable_lni_at_device_index": 0,
            "enable_resource_name_dns_a_record_on_launch": false,
            "enable_resource_name_dns_aaaa_record_on_launch": false,
            "id": "subnet-04cc63a1d5cf2af34",
            "ipv6_cidr_block": "",
            "ipv6_cidr_block_association_id": "",
            "ipv6_native": false,
            "map_customer_owned_ip_on_launch": false,
            "map_public_ip_on_launch": false,
            "outpost_arn": "",
            "owner_id": "067970016113",
            "private_dns_hostname_type_on_launch": "ip-name",
            "region": "us-east-1",
            "tags": {
              "Name": "fintech-private-app-az-a"
            },
            "tags_all": {
              "Name": "fintech-private-app-az-a"
            },
            "timeouts": null,
            "vpc_id": "vpc-0d7dca2f7f3c9bee0"
          },
          "sensitive_attributes": [],
          "identity_schema_version": 0,
          "identity": {
            "account_id": "067970016113",
            "id": "subnet-04cc63a1d5cf2af34",
            "region": "us-east-1"
          },
          "private": "eyJlMmJmYjczMC1lY2FhLTExZTYtOGY4OC0zNDM2M2JjN2M0YzAiOnsiY3JlYXRlIjo2MDAwMDAwMDAwMDAsImRlbGV0ZSI6MTIwMDAwMDAwMDAwMH0sInNjaGVtYV92ZXJzaW9uIjoiMSJ9",
          "dependencies": [
            "module.vpc.aws_vpc.prod",
            "module.vpc.data.aws_availability_zones.available"
          ]
        }
      ]
    },
    {
      "module": "module.vpc",
      "mode": "managed",
      "type": "aws_subnet",
      "name": "private_app_b",
      "provider": "provider[\"registry.terraform.io/hashicorp/aws\"]",
      "instances": [
        {
          "schema_version": 1,
          "attributes": {
            "arn": "arn:aws:ec2:us-east-1:067970016113:subnet/subnet-0e6348614d0e89245",
            "assign_ipv6_address_on_creation": false,
            "availability_zone": "us-east-1b",
            "availability_zone_id": "use1-az2",
            "cidr_block": "10.0.12.0/24",
            "customer_owned_ipv4_pool": "",
            "enable_dns64": false,
            "enable_lni_at_device_index": 0,
            "enable_resource_name_dns_a_record_on_launch": false,
            "enable_resource_name_dns_aaaa_record_on_launch": false,
            "id": "subnet-0e6348614d0e89245",
            "ipv6_cidr_block": "",
            "ipv6_cidr_block_association_id": "",
            "ipv6_native": false,
            "map_customer_owned_ip_on_launch": false,
            "map_public_ip_on_launch": false,
            "outpost_arn": "",
            "owner_id": "067970016113",
            "private_dns_hostname_type_on_launch": "ip-name",
            "region": "us-east-1",
            "tags": {
              "Name": "fintech-private-app-az-b"
            },
            "tags_all": {
              "Name": "fintech-private-app-az-b"
            },
            "timeouts": null,
            "vpc_id": "vpc-0d7dca2f7f3c9bee0"
          },
          "sensitive_attributes": [],
          "identity_schema_version": 0,
          "identity": {
            "account_id": "067970016113",
            "id": "subnet-0e6348614d0e89245",
            "region": "us-east-1"
          },
          "private": "eyJlMmJmYjczMC1lY2FhLTExZTYtOGY4OC0zNDM2M2JjN2M0YzAiOnsiY3JlYXRlIjo2MDAwMDAwMDAwMDAsImRlbGV0ZSI6MTIwMDAwMDAwMDAwMH0sInNjaGVtYV92ZXJzaW9uIjoiMSJ9",
          "dependencies": [
            "module.vpc.aws_vpc.prod",
            "module.vpc.data.aws_availability_zones.available"
          ]
        }
      ]
    },
    {
      "module": "module.vpc",
      "mode": "managed",
      "type": "aws_subnet",
      "name": "public_a",
      "provider": "provider[\"registry.terraform.io/hashicorp/aws\"]",
      "instances": [
        {
          "schema_version": 1,
          "attributes": {
            "arn": "arn:aws:ec2:us-east-1:067970016113:subnet/subnet-0578c85494cd60f4f",
            "assign_ipv6_address_on_creation": false,
            "availability_zone": "us-east-1a",
            "availability_zone_id": "use1-az1",
            "cidr_block": "10.0.1.0/24",
            "customer_owned_ipv4_pool": "",
            "enable_dns64": false,
            "enable_lni_at_device_index": 0,
            "enable_resource_name_dns_a_record_on_launch": false,
            "enable_resource_name_dns_aaaa_record_on_launch": false,
            "id": "subnet-0578c85494cd60f4f",
            "ipv6_cidr_block": "",
            "ipv6_cidr_block_association_id": "",
            "ipv6_native": false,
            "map_customer_owned_ip_on_launch": false,
            "map_public_ip_on_launch": false,
            "outpost_arn": "",
            "owner_id": "067970016113",
            "private_dns_hostname_type_on_launch": "ip-name",
            "region": "us-east-1",
            "tags": {
              "Name": "fintech-public-az-a"
            },
            "tags_all": {
              "Name": "fintech-public-az-a"
            },
            "timeouts": null,
            "vpc_id": "vpc-0d7dca2f7f3c9bee0"
          },
          "sensitive_attributes": [],
          "identity_schema_version": 0,
          "identity": {
            "account_id": "067970016113",
            "id": "subnet-0578c85494cd60f4f",
            "region": "us-east-1"
          },
          "private": "eyJlMmJmYjczMC1lY2FhLTExZTYtOGY4OC0zNDM2M2JjN2M0YzAiOnsiY3JlYXRlIjo2MDAwMDAwMDAwMDAsImRlbGV0ZSI6MTIwMDAwMDAwMDAwMH0sInNjaGVtYV92ZXJzaW9uIjoiMSJ9",
          "dependencies": [
            "module.vpc.aws_vpc.prod",
            "module.vpc.data.aws_availability_zones.available"
          ]
        }
      ]
    },
    {
      "module": "module.vpc",
      "mode": "managed",
      "type": "aws_subnet",
      "name": "public_b",
      "provider": "provider[\"registry.terraform.io/hashicorp/aws\"]",
      "instances": [
        {
          "schema_version": 1,
          "attributes": {
            "arn": "arn:aws:ec2:us-east-1:067970016113:subnet/subnet-00afa9955c47ef6ea",
            "assign_ipv6_address_on_creation": false,
            "availability_zone": "us-east-1b",
            "availability_zone_id": "use1-az2",
            "cidr_block": "10.0.2.0/24",
            "customer_owned_ipv4_pool": "",
            "enable_dns64": false,
            "enable_lni_at_device_index": 0,
            "enable_resource_name_dns_a_record_on_launch": false,
            "enable_resource_name_dns_aaaa_record_on_launch": false,
            "id": "subnet-00afa9955c47ef6ea",
            "ipv6_cidr_block": "",
            "ipv6_cidr_block_association_id": "",
            "ipv6_native": false,
            "map_customer_owned_ip_on_launch": false,
            "map_public_ip_on_launch": false,
            "outpost_arn": "",
            "owner_id": "067970016113",
            "private_dns_hostname_type_on_launch": "ip-name",
            "region": "us-east-1",
            "tags": {
              "Name": "fintech-public-az-b"
            },
            "tags_all": {
              "Name": "fintech-public-az-b"
            },
            "timeouts": null,
            "vpc_id": "vpc-0d7dca2f7f3c9bee0"
          },
          "sensitive_attributes": [],
          "identity_schema_version": 0,
          "identity": {
            "account_id": "067970016113",
            "id": "subnet-00afa9955c47ef6ea",
            "region": "us-east-1"
          },
          "private": "eyJlMmJmYjczMC1lY2FhLTExZTYtOGY4OC0zNDM2M2JjN2M0YzAiOnsiY3JlYXRlIjo2MDAwMDAwMDAwMDAsImRlbGV0ZSI6MTIwMDAwMDAwMDAwMH0sInNjaGVtYV92ZXJzaW9uIjoiMSJ9",
          "dependencies": [
            "module.vpc.aws_vpc.prod",
            "module.vpc.data.aws_availability_zones.available"
          ]
        }
      ]
    },
    {
      "module": "module.vpc",
      "mode": "managed",
      "type": "aws_vpc",
      "name": "prod",
      "provider": "provider[\"registry.terraform.io/hashicorp/aws\"]",
      "instances": [
        {
          "schema_version": 1,
          "attributes": {
            "arn": "arn:aws:ec2:us-east-1:067970016113:vpc/vpc-0d7dca2f7f3c9bee0",
            "assign_generated_ipv6_cidr_block": false,
            "cidr_block": "10.0.0.0/16",
            "default_network_acl_id": "acl-0d858b47abd01326d",
            "default_route_table_id": "rtb-0819922bebf4e547a",
            "default_security_group_id": "sg-04e9ca33405cedbeb",
            "dhcp_options_id": "dopt-02a4642077c18bf56",
            "enable_dns_hostnames": true,
            "enable_dns_support": true,
            "enable_network_address_usage_metrics": false,
            "id": "vpc-0d7dca2f7f3c9bee0",
            "instance_tenancy": "default",
            "ipv4_ipam_pool_id": null,
            "ipv4_netmask_length": null,
            "ipv6_association_id": "",
            "ipv6_cidr_block": "",
            "ipv6_cidr_block_network_border_group": "",
            "ipv6_ipam_pool_id": "",
            "ipv6_netmask_length": 0,
            "main_route_table_id": "rtb-0819922bebf4e547a",
            "owner_id": "067970016113",
            "region": "us-east-1",
            "tags": {
              "Environment": "Production",
              "Name": "fintech-prod-vpc"
            },
            "tags_all": {
              "Environment": "Production",
              "Name": "fintech-prod-vpc"
            }
          },
          "sensitive_attributes": [],
          "identity_schema_version": 0,
          "identity": {
            "account_id": "067970016113",
            "id": "vpc-0d7dca2f7f3c9bee0",
            "region": "us-east-1"
          },
          "private": "eyJzY2hlbWFfdmVyc2lvbiI6IjEifQ=="
        }
      ]
    }
  ],
  "check_results": null
}
